// !$*UTF8*$!
{
	archiveVersion = 1;
	classes = {
	};
	objectVersion = 56;
	objects = {

/* Begin PBXBuildFile section */
		EF36318D2A065CB6009F52F5 /* XCTestCase+MemoryLeakTracking.swift in Sources */ = {isa = PBXBuildFile; fileRef = EF36318C2A065CB6009F52F5 /* XCTestCase+MemoryLeakTracking.swift */; };
		EF405A602A02CB7D0073FB92 /* HTTPClient.swift in Sources */ = {isa = PBXBuildFile; fileRef = EF405A5F2A02CB7D0073FB92 /* HTTPClient.swift */; };
		EF405A622A02CF1A0073FB92 /* FeedItemsMapper.swift in Sources */ = {isa = PBXBuildFile; fileRef = EF405A612A02CF1A0073FB92 /* FeedItemsMapper.swift */; };
		EF7153452A04128900630EDE /* URLSessionHTTPClientTest.swift in Sources */ = {isa = PBXBuildFile; fileRef = EF7153442A04128900630EDE /* URLSessionHTTPClientTest.swift */; };
		EFC9105F29FDAD040094A9BC /* EssentialFeed.docc in Sources */ = {isa = PBXBuildFile; fileRef = EFC9105E29FDAD040094A9BC /* EssentialFeed.docc */; };
		EFC9106529FDAD050094A9BC /* EssentialFeed.framework in Frameworks */ = {isa = PBXBuildFile; fileRef = EFC9105A29FDAD040094A9BC /* EssentialFeed.framework */; };
		EFC9106B29FDAD050094A9BC /* EssentialFeed.h in Headers */ = {isa = PBXBuildFile; fileRef = EFC9105D29FDAD040094A9BC /* EssentialFeed.h */; settings = {ATTRIBUTES = (Public, ); }; };
		EFC9107529FDAD900094A9BC /* FeedItem.swift in Sources */ = {isa = PBXBuildFile; fileRef = EFC9107429FDAD900094A9BC /* FeedItem.swift */; };
		EFC9107729FDAF730094A9BC /* FeedLoader.swift in Sources */ = {isa = PBXBuildFile; fileRef = EFC9107629FDAF730094A9BC /* FeedLoader.swift */; };
		EFC9107C29FDBB1C0094A9BC /* RemoteFeedLoaderTest.swift in Sources */ = {isa = PBXBuildFile; fileRef = EFC9107B29FDBB1C0094A9BC /* RemoteFeedLoaderTest.swift */; };
		EFC9107F29FE50080094A9BC /* RemoteFeedLoader.swift in Sources */ = {isa = PBXBuildFile; fileRef = EFC9107E29FE50080094A9BC /* RemoteFeedLoader.swift */; };
/* End PBXBuildFile section */

/* Begin PBXContainerItemProxy section */
		EFC9106629FDAD050094A9BC /* PBXContainerItemProxy */ = {
			isa = PBXContainerItemProxy;
			containerPortal = EFC9105129FDAD040094A9BC /* Project object */;
			proxyType = 1;
			remoteGlobalIDString = EFC9105929FDAD040094A9BC;
			remoteInfo = EssentialFeed;
		};
/* End PBXContainerItemProxy section */

/* Begin PBXFileReference section */
		EF36318C2A065CB6009F52F5 /* XCTestCase+MemoryLeakTracking.swift */ = {isa = PBXFileReference; lastKnownFileType = sourcecode.swift; path = "XCTestCase+MemoryLeakTracking.swift"; sourceTree = "<group>"; };
		EF405A5F2A02CB7D0073FB92 /* HTTPClient.swift */ = {isa = PBXFileReference; lastKnownFileType = sourcecode.swift; path = HTTPClient.swift; sourceTree = "<group>"; };
		EF405A612A02CF1A0073FB92 /* FeedItemsMapper.swift */ = {isa = PBXFileReference; lastKnownFileType = sourcecode.swift; path = FeedItemsMapper.swift; sourceTree = "<group>"; };
		EF7153442A04128900630EDE /* URLSessionHTTPClientTest.swift */ = {isa = PBXFileReference; lastKnownFileType = sourcecode.swift; path = URLSessionHTTPClientTest.swift; sourceTree = "<group>"; };
		EFC9105A29FDAD040094A9BC /* EssentialFeed.framework */ = {isa = PBXFileReference; explicitFileType = wrapper.framework; includeInIndex = 0; path = EssentialFeed.framework; sourceTree = BUILT_PRODUCTS_DIR; };
		EFC9105D29FDAD040094A9BC /* EssentialFeed.h */ = {isa = PBXFileReference; lastKnownFileType = sourcecode.c.h; path = EssentialFeed.h; sourceTree = "<group>"; };
		EFC9105E29FDAD040094A9BC /* EssentialFeed.docc */ = {isa = PBXFileReference; lastKnownFileType = folder.documentationcatalog; path = EssentialFeed.docc; sourceTree = "<group>"; };
		EFC9106429FDAD050094A9BC /* EssentialFeedTests.xctest */ = {isa = PBXFileReference; explicitFileType = wrapper.cfbundle; includeInIndex = 0; path = EssentialFeedTests.xctest; sourceTree = BUILT_PRODUCTS_DIR; };
		EFC9107429FDAD900094A9BC /* FeedItem.swift */ = {isa = PBXFileReference; lastKnownFileType = sourcecode.swift; path = FeedItem.swift; sourceTree = "<group>"; };
		EFC9107629FDAF730094A9BC /* FeedLoader.swift */ = {isa = PBXFileReference; lastKnownFileType = sourcecode.swift; path = FeedLoader.swift; sourceTree = "<group>"; };
		EFC9107B29FDBB1C0094A9BC /* RemoteFeedLoaderTest.swift */ = {isa = PBXFileReference; lastKnownFileType = sourcecode.swift; path = RemoteFeedLoaderTest.swift; sourceTree = "<group>"; };
		EFC9107E29FE50080094A9BC /* RemoteFeedLoader.swift */ = {isa = PBXFileReference; lastKnownFileType = sourcecode.swift; path = RemoteFeedLoader.swift; sourceTree = "<group>"; };
/* End PBXFileReference section */

/* Begin PBXFrameworksBuildPhase section */
		EFC9105729FDAD040094A9BC /* Frameworks */ = {
			isa = PBXFrameworksBuildPhase;
			buildActionMask = 2147483647;
			files = (
			);
			runOnlyForDeploymentPostprocessing = 0;
		};
		EFC9106129FDAD050094A9BC /* Frameworks */ = {
			isa = PBXFrameworksBuildPhase;
			buildActionMask = 2147483647;
			files = (
				EFC9106529FDAD050094A9BC /* EssentialFeed.framework in Frameworks */,
			);
			runOnlyForDeploymentPostprocessing = 0;
		};
/* End PBXFrameworksBuildPhase section */

/* Begin PBXGroup section */
		EF36318B2A065C77009F52F5 /* Helpers */ = {
			isa = PBXGroup;
			children = (
				EF36318C2A065CB6009F52F5 /* XCTestCase+MemoryLeakTracking.swift */,
			);
			path = Helpers;
			sourceTree = "<group>";
		};
		EF405A632A0306DF0073FB92 /* Feed API */ = {
			isa = PBXGroup;
			children = (
				EF36318B2A065C77009F52F5 /* Helpers */,
				EFC9107B29FDBB1C0094A9BC /* RemoteFeedLoaderTest.swift */,
				EF7153442A04128900630EDE /* URLSessionHTTPClientTest.swift */,
			);
			path = "Feed API";
			sourceTree = "<group>";
		};
		EFC9105029FDAD040094A9BC = {
			isa = PBXGroup;
			children = (
				EFC9105C29FDAD040094A9BC /* EssentialFeed */,
				EFC9106829FDAD050094A9BC /* EssentialFeedTests */,
				EFC9105B29FDAD040094A9BC /* Products */,
			);
			sourceTree = "<group>";
		};
		EFC9105B29FDAD040094A9BC /* Products */ = {
			isa = PBXGroup;
			children = (
				EFC9105A29FDAD040094A9BC /* EssentialFeed.framework */,
				EFC9106429FDAD050094A9BC /* EssentialFeedTests.xctest */,
			);
			name = Products;
			sourceTree = "<group>";
		};
		EFC9105C29FDAD040094A9BC /* EssentialFeed */ = {
			isa = PBXGroup;
			children = (
				EFC9105E29FDAD040094A9BC /* EssentialFeed.docc */,
				EFC9105D29FDAD040094A9BC /* EssentialFeed.h */,
				EFC9107D29FE4F900094A9BC /* Feed API */,
				EFC9107829FDB2E20094A9BC /* FeedFeature */,
			);
			path = EssentialFeed;
			sourceTree = "<group>";
		};
		EFC9106829FDAD050094A9BC /* EssentialFeedTests */ = {
			isa = PBXGroup;
			children = (
				EF405A632A0306DF0073FB92 /* Feed API */,
			);
			path = EssentialFeedTests;
			sourceTree = "<group>";
		};
		EFC9107829FDB2E20094A9BC /* FeedFeature */ = {
			isa = PBXGroup;
			children = (
				EFC9107429FDAD900094A9BC /* FeedItem.swift */,
				EFC9107629FDAF730094A9BC /* FeedLoader.swift */,
			);
			path = FeedFeature;
			sourceTree = "<group>";
		};
		EFC9107D29FE4F900094A9BC /* Feed API */ = {
			isa = PBXGroup;
			children = (
				EFC9107E29FE50080094A9BC /* RemoteFeedLoader.swift */,
				EF405A5F2A02CB7D0073FB92 /* HTTPClient.swift */,
				EF405A612A02CF1A0073FB92 /* FeedItemsMapper.swift */,
			);
			path = "Feed API";
			sourceTree = "<group>";
		};
/* End PBXGroup section */

/* Begin PBXHeadersBuildPhase section */
		EFC9105529FDAD040094A9BC /* Headers */ = {
			isa = PBXHeadersBuildPhase;
			buildActionMask = 2147483647;
			files = (
				EFC9106B29FDAD050094A9BC /* EssentialFeed.h in Headers */,
			);
			runOnlyForDeploymentPostprocessing = 0;
		};
/* End PBXHeadersBuildPhase section */

/* Begin PBXNativeTarget section */
		EFC9105929FDAD040094A9BC /* EssentialFeed */ = {
			isa = PBXNativeTarget;
			buildConfigurationList = EFC9106E29FDAD050094A9BC /* Build configuration list for PBXNativeTarget "EssentialFeed" */;
			buildPhases = (
				EFC9105529FDAD040094A9BC /* Headers */,
				EFC9105629FDAD040094A9BC /* Sources */,
				EFC9105729FDAD040094A9BC /* Frameworks */,
				EFC9105829FDAD040094A9BC /* Resources */,
			);
			buildRules = (
			);
			dependencies = (
			);
			name = EssentialFeed;
			productName = EssentialFeed;
			productReference = EFC9105A29FDAD040094A9BC /* EssentialFeed.framework */;
			productType = "com.apple.product-type.framework";
		};
		EFC9106329FDAD050094A9BC /* EssentialFeedTests */ = {
			isa = PBXNativeTarget;
			buildConfigurationList = EFC9107129FDAD050094A9BC /* Build configuration list for PBXNativeTarget "EssentialFeedTests" */;
			buildPhases = (
				EFC9106029FDAD050094A9BC /* Sources */,
				EFC9106129FDAD050094A9BC /* Frameworks */,
				EFC9106229FDAD050094A9BC /* Resources */,
			);
			buildRules = (
			);
			dependencies = (
				EFC9106729FDAD050094A9BC /* PBXTargetDependency */,
			);
			name = EssentialFeedTests;
			productName = EssentialFeedTests;
			productReference = EFC9106429FDAD050094A9BC /* EssentialFeedTests.xctest */;
			productType = "com.apple.product-type.bundle.unit-test";
		};
/* End PBXNativeTarget section */

/* Begin PBXProject section */
		EFC9105129FDAD040094A9BC /* Project object */ = {
			isa = PBXProject;
			attributes = {
				BuildIndependentTargetsInParallel = 1;
				LastSwiftUpdateCheck = 1430;
				LastUpgradeCheck = 1430;
				TargetAttributes = {
					EFC9105929FDAD040094A9BC = {
						CreatedOnToolsVersion = 14.3;
					};
					EFC9106329FDAD050094A9BC = {
						CreatedOnToolsVersion = 14.3;
					};
				};
			};
			buildConfigurationList = EFC9105429FDAD040094A9BC /* Build configuration list for PBXProject "EssentialFeed" */;
			compatibilityVersion = "Xcode 14.0";
			developmentRegion = en;
			hasScannedForEncodings = 0;
			knownRegions = (
				en,
				Base,
			);
			mainGroup = EFC9105029FDAD040094A9BC;
			productRefGroup = EFC9105B29FDAD040094A9BC /* Products */;
			projectDirPath = "";
			projectRoot = "";
			targets = (
				EFC9105929FDAD040094A9BC /* EssentialFeed */,
				EFC9106329FDAD050094A9BC /* EssentialFeedTests */,
			);
		};
/* End PBXProject section */

/* Begin PBXResourcesBuildPhase section */
		EFC9105829FDAD040094A9BC /* Resources */ = {
			isa = PBXResourcesBuildPhase;
			buildActionMask = 2147483647;
			files = (
			);
			runOnlyForDeploymentPostprocessing = 0;
		};
		EFC9106229FDAD050094A9BC /* Resources */ = {
			isa = PBXResourcesBuildPhase;
			buildActionMask = 2147483647;
			files = (
			);
			runOnlyForDeploymentPostprocessing = 0;
		};
/* End PBXResourcesBuildPhase section */

/* Begin PBXSourcesBuildPhase section */
		EFC9105629FDAD040094A9BC /* Sources */ = {
			isa = PBXSourcesBuildPhase;
			buildActionMask = 2147483647;
			files = (
				EFC9107F29FE50080094A9BC /* RemoteFeedLoader.swift in Sources */,
				EF405A602A02CB7D0073FB92 /* HTTPClient.swift in Sources */,
				EFC9107729FDAF730094A9BC /* FeedLoader.swift in Sources */,
				EF405A622A02CF1A0073FB92 /* FeedItemsMapper.swift in Sources */,
				EFC9107529FDAD900094A9BC /* FeedItem.swift in Sources */,
				EFC9105F29FDAD040094A9BC /* EssentialFeed.docc in Sources */,
			);
			runOnlyForDeploymentPostprocessing = 0;
		};
		EFC9106029FDAD050094A9BC /* Sources */ = {
			isa = PBXSourcesBuildPhase;
			buildActionMask = 2147483647;
			files = (
				EFC9107C29FDBB1C0094A9BC /* RemoteFeedLoaderTest.swift in Sources */,
				EF7153452A04128900630EDE /* URLSessionHTTPClientTest.swift in Sources */,
				EF36318D2A065CB6009F52F5 /* XCTestCase+MemoryLeakTracking.swift in Sources */,
			);
			runOnlyForDeploymentPostprocessing = 0;
		};
/* End PBXSourcesBuildPhase section */

/* Begin PBXTargetDependency section */
		EFC9106729FDAD050094A9BC /* PBXTargetDependency */ = {
			isa = PBXTargetDependency;
			target = EFC9105929FDAD040094A9BC /* EssentialFeed */;
			targetProxy = EFC9106629FDAD050094A9BC /* PBXContainerItemProxy */;
		};
/* End PBXTargetDependency section */

/* Begin XCBuildConfiguration section */
		EFC9106C29FDAD050094A9BC /* Debug */ = {
			isa = XCBuildConfiguration;
			buildSettings = {
				ALWAYS_SEARCH_USER_PATHS = NO;
				CLANG_ANALYZER_NONNULL = YES;
				CLANG_ANALYZER_NUMBER_OBJECT_CONVERSION = YES_AGGRESSIVE;
				CLANG_CXX_LANGUAGE_STANDARD = "gnu++20";
				CLANG_ENABLE_MODULES = YES;
				CLANG_ENABLE_OBJC_ARC = YES;
				CLANG_ENABLE_OBJC_WEAK = YES;
				CLANG_WARN_BLOCK_CAPTURE_AUTORELEASING = YES;
				CLANG_WARN_BOOL_CONVERSION = YES;
				CLANG_WARN_COMMA = YES;
				CLANG_WARN_CONSTANT_CONVERSION = YES;
				CLANG_WARN_DEPRECATED_OBJC_IMPLEMENTATIONS = YES;
				CLANG_WARN_DIRECT_OBJC_ISA_USAGE = YES_ERROR;
				CLANG_WARN_DOCUMENTATION_COMMENTS = YES;
				CLANG_WARN_EMPTY_BODY = YES;
				CLANG_WARN_ENUM_CONVERSION = YES;
				CLANG_WARN_INFINITE_RECURSION = YES;
				CLANG_WARN_INT_CONVERSION = YES;
				CLANG_WARN_NON_LITERAL_NULL_CONVERSION = YES;
				CLANG_WARN_OBJC_IMPLICIT_RETAIN_SELF = YES;
				CLANG_WARN_OBJC_LITERAL_CONVERSION = YES;
				CLANG_WARN_OBJC_ROOT_CLASS = YES_ERROR;
				CLANG_WARN_QUOTED_INCLUDE_IN_FRAMEWORK_HEADER = YES;
				CLANG_WARN_RANGE_LOOP_ANALYSIS = YES;
				CLANG_WARN_STRICT_PROTOTYPES = YES;
				CLANG_WARN_SUSPICIOUS_MOVE = YES;
				CLANG_WARN_UNGUARDED_AVAILABILITY = YES_AGGRESSIVE;
				CLANG_WARN_UNREACHABLE_CODE = YES;
				CLANG_WARN__DUPLICATE_METHOD_MATCH = YES;
				COPY_PHASE_STRIP = NO;
				CURRENT_PROJECT_VERSION = 1;
				DEBUG_INFORMATION_FORMAT = dwarf;
				ENABLE_STRICT_OBJC_MSGSEND = YES;
				ENABLE_TESTABILITY = YES;
				GCC_C_LANGUAGE_STANDARD = gnu11;
				GCC_DYNAMIC_NO_PIC = NO;
				GCC_NO_COMMON_BLOCKS = YES;
				GCC_OPTIMIZATION_LEVEL = 0;
				GCC_PREPROCESSOR_DEFINITIONS = (
					"DEBUG=1",
					"$(inherited)",
				);
				GCC_WARN_64_TO_32_BIT_CONVERSION = YES;
				GCC_WARN_ABOUT_RETURN_TYPE = YES_ERROR;
				GCC_WARN_UNDECLARED_SELECTOR = YES;
				GCC_WARN_UNINITIALIZED_AUTOS = YES_AGGRESSIVE;
				GCC_WARN_UNUSED_FUNCTION = YES;
				GCC_WARN_UNUSED_VARIABLE = YES;
				MACOSX_DEPLOYMENT_TARGET = 13.0;
				MTL_ENABLE_DEBUG_INFO = INCLUDE_SOURCE;
				MTL_FAST_MATH = YES;
				ONLY_ACTIVE_ARCH = YES;
				SDKROOT = macosx;
				SWIFT_ACTIVE_COMPILATION_CONDITIONS = DEBUG;
				SWIFT_OPTIMIZATION_LEVEL = "-Onone";
				VERSIONING_SYSTEM = "apple-generic";
				VERSION_INFO_PREFIX = "";
			};
			name = Debug;
		};
		EFC9106D29FDAD050094A9BC /* Release */ = {
			isa = XCBuildConfiguration;
			buildSettings = {
				ALWAYS_SEARCH_USER_PATHS = NO;
				CLANG_ANALYZER_NONNULL = YES;
				CLANG_ANALYZER_NUMBER_OBJECT_CONVERSION = YES_AGGRESSIVE;
				CLANG_CXX_LANGUAGE_STANDARD = "gnu++20";
				CLANG_ENABLE_MODULES = YES;
				CLANG_ENABLE_OBJC_ARC = YES;
				CLANG_ENABLE_OBJC_WEAK = YES;
				CLANG_WARN_BLOCK_CAPTURE_AUTORELEASING = YES;
				CLANG_WARN_BOOL_CONVERSION = YES;
				CLANG_WARN_COMMA = YES;
				CLANG_WARN_CONSTANT_CONVERSION = YES;
				CLANG_WARN_DEPRECATED_OBJC_IMPLEMENTATIONS = YES;
				CLANG_WARN_DIRECT_OBJC_ISA_USAGE = YES_ERROR;
				CLANG_WARN_DOCUMENTATION_COMMENTS = YES;
				CLANG_WARN_EMPTY_BODY = YES;
				CLANG_WARN_ENUM_CONVERSION = YES;
				CLANG_WARN_INFINITE_RECURSION = YES;
				CLANG_WARN_INT_CONVERSION = YES;
				CLANG_WARN_NON_LITERAL_NULL_CONVERSION = YES;
				CLANG_WARN_OBJC_IMPLICIT_RETAIN_SELF = YES;
				CLANG_WARN_OBJC_LITERAL_CONVERSION = YES;
				CLANG_WARN_OBJC_ROOT_CLASS = YES_ERROR;
				CLANG_WARN_QUOTED_INCLUDE_IN_FRAMEWORK_HEADER = YES;
				CLANG_WARN_RANGE_LOOP_ANALYSIS = YES;
				CLANG_WARN_STRICT_PROTOTYPES = YES;
				CLANG_WARN_SUSPICIOUS_MOVE = YES;
				CLANG_WARN_UNGUARDED_AVAILABILITY = YES_AGGRESSIVE;
				CLANG_WARN_UNREACHABLE_CODE = YES;
				CLANG_WARN__DUPLICATE_METHOD_MATCH = YES;
				COPY_PHASE_STRIP = NO;
				CURRENT_PROJECT_VERSION = 1;
				DEBUG_INFORMATION_FORMAT = "dwarf-with-dsym";
				ENABLE_NS_ASSERTIONS = NO;
				ENABLE_STRICT_OBJC_MSGSEND = YES;
				GCC_C_LANGUAGE_STANDARD = gnu11;
				GCC_NO_COMMON_BLOCKS = YES;
				GCC_WARN_64_TO_32_BIT_CONVERSION = YES;
				GCC_WARN_ABOUT_RETURN_TYPE = YES_ERROR;
				GCC_WARN_UNDECLARED_SELECTOR = YES;
				GCC_WARN_UNINITIALIZED_AUTOS = YES_AGGRESSIVE;
				GCC_WARN_UNUSED_FUNCTION = YES;
				GCC_WARN_UNUSED_VARIABLE = YES;
				MACOSX_DEPLOYMENT_TARGET = 13.0;
				MTL_ENABLE_DEBUG_INFO = NO;
				MTL_FAST_MATH = YES;
				SDKROOT = macosx;
				SWIFT_COMPILATION_MODE = wholemodule;
				SWIFT_OPTIMIZATION_LEVEL = "-O";
				VERSIONING_SYSTEM = "apple-generic";
				VERSION_INFO_PREFIX = "";
			};
			name = Release;
		};
		EFC9106F29FDAD050094A9BC /* Debug */ = {
			isa = XCBuildConfiguration;
			buildSettings = {
				CODE_SIGN_STYLE = Automatic;
				COMBINE_HIDPI_IMAGES = YES;
				CURRENT_PROJECT_VERSION = 1;
				DEFINES_MODULE = YES;
				DEVELOPMENT_TEAM = Z273P8K3M7;
				DYLIB_COMPATIBILITY_VERSION = 1;
				DYLIB_CURRENT_VERSION = 1;
				DYLIB_INSTALL_NAME_BASE = "@rpath";
				ENABLE_MODULE_VERIFIER = YES;
				GENERATE_INFOPLIST_FILE = YES;
				INFOPLIST_KEY_NSHumanReadableCopyright = "";
				INSTALL_PATH = "$(LOCAL_LIBRARY_DIR)/Frameworks";
				LD_RUNPATH_SEARCH_PATHS = (
					"$(inherited)",
					"@executable_path/../Frameworks",
					"@loader_path/Frameworks",
				);
				MARKETING_VERSION = 1.0;
				MODULE_VERIFIER_SUPPORTED_LANGUAGES = "objective-c objective-c++";
				MODULE_VERIFIER_SUPPORTED_LANGUAGE_STANDARDS = "gnu11 gnu++20";
				PRODUCT_BUNDLE_IDENTIFIER = swiftindepth.es.EssentialFeed;
				PRODUCT_NAME = "$(TARGET_NAME:c99extidentifier)";
				SKIP_INSTALL = YES;
				SWIFT_EMIT_LOC_STRINGS = YES;
				SWIFT_VERSION = 5.0;
			};
			name = Debug;
		};
		EFC9107029FDAD050094A9BC /* Release */ = {
			isa = XCBuildConfiguration;
			buildSettings = {
				CODE_SIGN_STYLE = Automatic;
				COMBINE_HIDPI_IMAGES = YES;
				CURRENT_PROJECT_VERSION = 1;
				DEFINES_MODULE = YES;
				DEVELOPMENT_TEAM = Z273P8K3M7;
				DYLIB_COMPATIBILITY_VERSION = 1;
				DYLIB_CURRENT_VERSION = 1;
				DYLIB_INSTALL_NAME_BASE = "@rpath";
				ENABLE_MODULE_VERIFIER = YES;
				GENERATE_INFOPLIST_FILE = YES;
				INFOPLIST_KEY_NSHumanReadableCopyright = "";
				INSTALL_PATH = "$(LOCAL_LIBRARY_DIR)/Frameworks";
				LD_RUNPATH_SEARCH_PATHS = (
					"$(inherited)",
					"@executable_path/../Frameworks",
					"@loader_path/Frameworks",
				);
				MARKETING_VERSION = 1.0;
				MODULE_VERIFIER_SUPPORTED_LANGUAGES = "objective-c objective-c++";
				MODULE_VERIFIER_SUPPORTED_LANGUAGE_STANDARDS = "gnu11 gnu++20";
				PRODUCT_BUNDLE_IDENTIFIER = swiftindepth.es.EssentialFeed;
				PRODUCT_NAME = "$(TARGET_NAME:c99extidentifier)";
				SKIP_INSTALL = YES;
				SWIFT_EMIT_LOC_STRINGS = YES;
				SWIFT_VERSION = 5.0;
			};
			name = Release;
		};
		EFC9107229FDAD050094A9BC /* Debug */ = {
			isa = XCBuildConfiguration;
			buildSettings = {
				ALWAYS_EMBED_SWIFT_STANDARD_LIBRARIES = YES;
				"CODE_SIGN_IDENTITY[sdk=macosx*]" = "Apple Development";
				CODE_SIGN_STYLE = Automatic;
				CURRENT_PROJECT_VERSION = 1;
				DEVELOPMENT_TEAM = Z273P8K3M7;
				GENERATE_INFOPLIST_FILE = YES;
				MARKETING_VERSION = 1.0;
				PRODUCT_BUNDLE_IDENTIFIER = swiftindepth.es.EssentialFeedTests;
				PRODUCT_NAME = "$(TARGET_NAME)";
				SWIFT_EMIT_LOC_STRINGS = NO;
				SWIFT_VERSION = 5.0;
			};
			name = Debug;
		};
		EFC9107329FDAD050094A9BC /* Release */ = {
			isa = XCBuildConfiguration;
			buildSettings = {
				ALWAYS_EMBED_SWIFT_STANDARD_LIBRARIES = YES;
				"CODE_SIGN_IDENTITY[sdk=macosx*]" = "Apple Development";
				CODE_SIGN_STYLE = Automatic;
				CURRENT_PROJECT_VERSION = 1;
				DEVELOPMENT_TEAM = Z273P8K3M7;
				GENERATE_INFOPLIST_FILE = YES;
				MARKETING_VERSION = 1.0;
				PRODUCT_BUNDLE_IDENTIFIER = swiftindepth.es.EssentialFeedTests;
				PRODUCT_NAME = "$(TARGET_NAME)";
				SWIFT_EMIT_LOC_STRINGS = NO;
				SWIFT_VERSION = 5.0;
			};
			name = Release;
		};
/* End XCBuildConfiguration section */

/* Begin XCConfigurationList section */
		EFC9105429FDAD040094A9BC /* Build configuration list for PBXProject "EssentialFeed" */ = {
			isa = XCConfigurationList;
			buildConfigurations = (
				EFC9106C29FDAD050094A9BC /* Debug */,
				EFC9106D29FDAD050094A9BC /* Release */,
			);
			defaultConfigurationIsVisible = 0;
			defaultConfigurationName = Release;
		};
		EFC9106E29FDAD050094A9BC /* Build configuration list for PBXNativeTarget "EssentialFeed" */ = {
			isa = XCConfigurationList;
			buildConfigurations = (
				EFC9106F29FDAD050094A9BC /* Debug */,
				EFC9107029FDAD050094A9BC /* Release */,
			);
			defaultConfigurationIsVisible = 0;
			defaultConfigurationName = Release;
		};
		EFC9107129FDAD050094A9BC /* Build configuration list for PBXNativeTarget "EssentialFeedTests" */ = {
			isa = XCConfigurationList;
			buildConfigurations = (
				EFC9107229FDAD050094A9BC /* Debug */,
				EFC9107329FDAD050094A9BC /* Release */,
			);
			defaultConfigurationIsVisible = 0;
			defaultConfigurationName = Release;
		};
/* End XCConfigurationList section */
	};
	rootObject = EFC9105129FDAD040094A9BC /* Project object */;
}
