// !$*UTF8*$!
{
	archiveVersion = 1;
	classes = {
	};
	objectVersion = 56;
	objects = {

/* Begin PBXBuildFile section */
		EF4DA41A2A9FF72C00736141 /* EssentialFeed.framework in Frameworks */ = {isa = PBXBuildFile; fileRef = EF4DA4182A9FF72C00736141 /* EssentialFeed.framework */; };
		EF4DA41B2A9FF72C00736141 /* EssentialFeed.framework in Embed Frameworks */ = {isa = PBXBuildFile; fileRef = EF4DA4182A9FF72C00736141 /* EssentialFeed.framework */; settings = {ATTRIBUTES = (CodeSignOnCopy, RemoveHeadersOnCopy, ); }; };
		EF4DA41C2A9FF72C00736141 /* EssentialFeediOS.framework in Frameworks */ = {isa = PBXBuildFile; fileRef = EF4DA4192A9FF72C00736141 /* EssentialFeediOS.framework */; };
		EF4DA41D2A9FF72C00736141 /* EssentialFeediOS.framework in Embed Frameworks */ = {isa = PBXBuildFile; fileRef = EF4DA4192A9FF72C00736141 /* EssentialFeediOS.framework */; settings = {ATTRIBUTES = (CodeSignOnCopy, RemoveHeadersOnCopy, ); }; };
		EF4DA4202AA08D3800736141 /* FeedLoaderWithFallbackCompositeTest.swift in Sources */ = {isa = PBXBuildFile; fileRef = EF4DA41F2AA08D3800736141 /* FeedLoaderWithFallbackCompositeTest.swift */; };
		EF4DA4222AA0A67500736141 /* EssentialAppTests.swift in Sources */ = {isa = PBXBuildFile; fileRef = EF4DA4212AA0A67500736141 /* EssentialAppTests.swift */; };
		EF4DA4252AA0A68700736141 /* EssentialAppUITests.swift in Sources */ = {isa = PBXBuildFile; fileRef = EF4DA4232AA0A68700736141 /* EssentialAppUITests.swift */; };
		EF4DA4262AA0A68700736141 /* EssentialAppUITestsLaunchTests.swift in Sources */ = {isa = PBXBuildFile; fileRef = EF4DA4242AA0A68700736141 /* EssentialAppUITestsLaunchTests.swift */; };
		EFAC132A2A9FF34A00939145 /* AppDelegate.swift in Sources */ = {isa = PBXBuildFile; fileRef = EFAC13292A9FF34A00939145 /* AppDelegate.swift */; };
		EFAC132C2A9FF34A00939145 /* SceneDelegate.swift in Sources */ = {isa = PBXBuildFile; fileRef = EFAC132B2A9FF34A00939145 /* SceneDelegate.swift */; };
		EFAC132E2A9FF34A00939145 /* ViewController.swift in Sources */ = {isa = PBXBuildFile; fileRef = EFAC132D2A9FF34A00939145 /* ViewController.swift */; };
		EFAC13312A9FF34A00939145 /* Main.storyboard in Resources */ = {isa = PBXBuildFile; fileRef = EFAC132F2A9FF34A00939145 /* Main.storyboard */; };
		EFAC13332A9FF34C00939145 /* Assets.xcassets in Resources */ = {isa = PBXBuildFile; fileRef = EFAC13322A9FF34C00939145 /* Assets.xcassets */; };
		EFAC13362A9FF34C00939145 /* LaunchScreen.storyboard in Resources */ = {isa = PBXBuildFile; fileRef = EFAC13342A9FF34C00939145 /* LaunchScreen.storyboard */; };
/* End PBXBuildFile section */

/* Begin PBXContainerItemProxy section */
		EFAC133D2A9FF34D00939145 /* PBXContainerItemProxy */ = {
			isa = PBXContainerItemProxy;
			containerPortal = EFAC131E2A9FF34A00939145 /* Project object */;
			proxyType = 1;
			remoteGlobalIDString = EFAC13252A9FF34A00939145;
			remoteInfo = EssentialApp;
		};
		EFAC13472A9FF34D00939145 /* PBXContainerItemProxy */ = {
			isa = PBXContainerItemProxy;
			containerPortal = EFAC131E2A9FF34A00939145 /* Project object */;
			proxyType = 1;
			remoteGlobalIDString = EFAC13252A9FF34A00939145;
			remoteInfo = EssentialApp;
		};
/* End PBXContainerItemProxy section */

/* Begin PBXCopyFilesBuildPhase section */
		EF4DA41E2A9FF72C00736141 /* Embed Frameworks */ = {
			isa = PBXCopyFilesBuildPhase;
			buildActionMask = 2147483647;
			dstPath = "";
			dstSubfolderSpec = 10;
			files = (
				EF4DA41B2A9FF72C00736141 /* EssentialFeed.framework in Embed Frameworks */,
				EF4DA41D2A9FF72C00736141 /* EssentialFeediOS.framework in Embed Frameworks */,
			);
			name = "Embed Frameworks";
			runOnlyForDeploymentPostprocessing = 0;
		};
/* End PBXCopyFilesBuildPhase section */

/* Begin PBXFileReference section */
		EF4DA4182A9FF72C00736141 /* EssentialFeed.framework */ = {isa = PBXFileReference; explicitFileType = wrapper.framework; path = EssentialFeed.framework; sourceTree = BUILT_PRODUCTS_DIR; };
		EF4DA4192A9FF72C00736141 /* EssentialFeediOS.framework */ = {isa = PBXFileReference; explicitFileType = wrapper.framework; path = EssentialFeediOS.framework; sourceTree = BUILT_PRODUCTS_DIR; };
		EF4DA41F2AA08D3800736141 /* FeedLoaderWithFallbackCompositeTest.swift */ = {isa = PBXFileReference; lastKnownFileType = sourcecode.swift; path = FeedLoaderWithFallbackCompositeTest.swift; sourceTree = "<group>"; };
		EF4DA4212AA0A67500736141 /* EssentialAppTests.swift */ = {isa = PBXFileReference; fileEncoding = 4; lastKnownFileType = sourcecode.swift; path = EssentialAppTests.swift; sourceTree = "<group>"; };
		EF4DA4232AA0A68700736141 /* EssentialAppUITests.swift */ = {isa = PBXFileReference; fileEncoding = 4; lastKnownFileType = sourcecode.swift; path = EssentialAppUITests.swift; sourceTree = "<group>"; };
		EF4DA4242AA0A68700736141 /* EssentialAppUITestsLaunchTests.swift */ = {isa = PBXFileReference; fileEncoding = 4; lastKnownFileType = sourcecode.swift; path = EssentialAppUITestsLaunchTests.swift; sourceTree = "<group>"; };
		EFAC13262A9FF34A00939145 /* EssentialApp.app */ = {isa = PBXFileReference; explicitFileType = wrapper.application; includeInIndex = 0; path = EssentialApp.app; sourceTree = BUILT_PRODUCTS_DIR; };
		EFAC13292A9FF34A00939145 /* AppDelegate.swift */ = {isa = PBXFileReference; lastKnownFileType = sourcecode.swift; path = AppDelegate.swift; sourceTree = "<group>"; };
		EFAC132B2A9FF34A00939145 /* SceneDelegate.swift */ = {isa = PBXFileReference; lastKnownFileType = sourcecode.swift; path = SceneDelegate.swift; sourceTree = "<group>"; };
		EFAC132D2A9FF34A00939145 /* ViewController.swift */ = {isa = PBXFileReference; lastKnownFileType = sourcecode.swift; path = ViewController.swift; sourceTree = "<group>"; };
		EFAC13302A9FF34A00939145 /* Base */ = {isa = PBXFileReference; lastKnownFileType = file.storyboard; name = Base; path = Base.lproj/Main.storyboard; sourceTree = "<group>"; };
		EFAC13322A9FF34C00939145 /* Assets.xcassets */ = {isa = PBXFileReference; lastKnownFileType = folder.assetcatalog; path = Assets.xcassets; sourceTree = "<group>"; };
		EFAC13352A9FF34C00939145 /* Base */ = {isa = PBXFileReference; lastKnownFileType = file.storyboard; name = Base; path = Base.lproj/LaunchScreen.storyboard; sourceTree = "<group>"; };
		EFAC13372A9FF34C00939145 /* Info.plist */ = {isa = PBXFileReference; lastKnownFileType = text.plist.xml; path = Info.plist; sourceTree = "<group>"; };
		EFAC133C2A9FF34D00939145 /* EssentialAppTests.xctest */ = {isa = PBXFileReference; explicitFileType = wrapper.cfbundle; includeInIndex = 0; path = EssentialAppTests.xctest; sourceTree = BUILT_PRODUCTS_DIR; };
		EFAC13462A9FF34D00939145 /* EssentialAppUITests.xctest */ = {isa = PBXFileReference; explicitFileType = wrapper.cfbundle; includeInIndex = 0; path = EssentialAppUITests.xctest; sourceTree = BUILT_PRODUCTS_DIR; };
/* End PBXFileReference section */

/* Begin PBXFrameworksBuildPhase section */
		EFAC13232A9FF34A00939145 /* Frameworks */ = {
			isa = PBXFrameworksBuildPhase;
			buildActionMask = 2147483647;
			files = (
				EF4DA41A2A9FF72C00736141 /* EssentialFeed.framework in Frameworks */,
				EF4DA41C2A9FF72C00736141 /* EssentialFeediOS.framework in Frameworks */,
			);
			runOnlyForDeploymentPostprocessing = 0;
		};
		EFAC13392A9FF34D00939145 /* Frameworks */ = {
			isa = PBXFrameworksBuildPhase;
			buildActionMask = 2147483647;
			files = (
			);
			runOnlyForDeploymentPostprocessing = 0;
		};
		EFAC13432A9FF34D00939145 /* Frameworks */ = {
			isa = PBXFrameworksBuildPhase;
			buildActionMask = 2147483647;
			files = (
			);
			runOnlyForDeploymentPostprocessing = 0;
		};
/* End PBXFrameworksBuildPhase section */

/* Begin PBXGroup section */
		EF4DA4172A9FF72C00736141 /* Frameworks */ = {
			isa = PBXGroup;
			children = (
				EF4DA4182A9FF72C00736141 /* EssentialFeed.framework */,
				EF4DA4192A9FF72C00736141 /* EssentialFeediOS.framework */,
			);
			name = Frameworks;
			sourceTree = "<group>";
		};
		EFAC131D2A9FF34A00939145 = {
			isa = PBXGroup;
			children = (
				EFAC13282A9FF34A00939145 /* EssentialApp */,
				EFAC133F2A9FF34D00939145 /* EssentialAppTests */,
				EFAC13492A9FF34D00939145 /* EssentialAppUITests */,
				EFAC13272A9FF34A00939145 /* Products */,
				EF4DA4172A9FF72C00736141 /* Frameworks */,
			);
			sourceTree = "<group>";
		};
		EFAC13272A9FF34A00939145 /* Products */ = {
			isa = PBXGroup;
			children = (
				EFAC13262A9FF34A00939145 /* EssentialApp.app */,
				EFAC133C2A9FF34D00939145 /* EssentialAppTests.xctest */,
				EFAC13462A9FF34D00939145 /* EssentialAppUITests.xctest */,
			);
			name = Products;
			sourceTree = "<group>";
		};
		EFAC13282A9FF34A00939145 /* EssentialApp */ = {
			isa = PBXGroup;
			children = (
				EFAC13292A9FF34A00939145 /* AppDelegate.swift */,
				EFAC132B2A9FF34A00939145 /* SceneDelegate.swift */,
				EFAC132D2A9FF34A00939145 /* ViewController.swift */,
				EFAC132F2A9FF34A00939145 /* Main.storyboard */,
				EFAC13322A9FF34C00939145 /* Assets.xcassets */,
				EFAC13342A9FF34C00939145 /* LaunchScreen.storyboard */,
				EFAC13372A9FF34C00939145 /* Info.plist */,
			);
			path = EssentialApp;
			sourceTree = "<group>";
		};
		EFAC133F2A9FF34D00939145 /* EssentialAppTests */ = {
			isa = PBXGroup;
			children = (
				EF4DA4212AA0A67500736141 /* EssentialAppTests.swift */,
				EF4DA41F2AA08D3800736141 /* FeedLoaderWithFallbackCompositeTest.swift */,
			);
			path = EssentialAppTests;
			sourceTree = "<group>";
		};
		EFAC13492A9FF34D00939145 /* EssentialAppUITests */ = {
			isa = PBXGroup;
			children = (
				EF4DA4232AA0A68700736141 /* EssentialAppUITests.swift */,
				EF4DA4242AA0A68700736141 /* EssentialAppUITestsLaunchTests.swift */,
			);
			path = EssentialAppUITests;
			sourceTree = "<group>";
		};
/* End PBXGroup section */

/* Begin PBXNativeTarget section */
		EFAC13252A9FF34A00939145 /* EssentialApp */ = {
			isa = PBXNativeTarget;
			buildConfigurationList = EFAC13502A9FF34D00939145 /* Build configuration list for PBXNativeTarget "EssentialApp" */;
			buildPhases = (
				EFAC13222A9FF34A00939145 /* Sources */,
				EFAC13232A9FF34A00939145 /* Frameworks */,
				EFAC13242A9FF34A00939145 /* Resources */,
				EF4DA41E2A9FF72C00736141 /* Embed Frameworks */,
			);
			buildRules = (
			);
			dependencies = (
			);
			name = EssentialApp;
			productName = EssentialApp;
			productReference = EFAC13262A9FF34A00939145 /* EssentialApp.app */;
			productType = "com.apple.product-type.application";
		};
		EFAC133B2A9FF34D00939145 /* EssentialAppTests */ = {
			isa = PBXNativeTarget;
			buildConfigurationList = EFAC13532A9FF34D00939145 /* Build configuration list for PBXNativeTarget "EssentialAppTests" */;
			buildPhases = (
				EFAC13382A9FF34D00939145 /* Sources */,
				EFAC13392A9FF34D00939145 /* Frameworks */,
				EFAC133A2A9FF34D00939145 /* Resources */,
			);
			buildRules = (
			);
			dependencies = (
				EFAC133E2A9FF34D00939145 /* PBXTargetDependency */,
			);
			name = EssentialAppTests;
			productName = EssentialAppTests;
			productReference = EFAC133C2A9FF34D00939145 /* EssentialAppTests.xctest */;
			productType = "com.apple.product-type.bundle.unit-test";
		};
		EFAC13452A9FF34D00939145 /* EssentialAppUITests */ = {
			isa = PBXNativeTarget;
			buildConfigurationList = EFAC13562A9FF34D00939145 /* Build configuration list for PBXNativeTarget "EssentialAppUITests" */;
			buildPhases = (
				EFAC13422A9FF34D00939145 /* Sources */,
				EFAC13432A9FF34D00939145 /* Frameworks */,
				EFAC13442A9FF34D00939145 /* Resources */,
			);
			buildRules = (
			);
			dependencies = (
				EFAC13482A9FF34D00939145 /* PBXTargetDependency */,
			);
			name = EssentialAppUITests;
			productName = EssentialAppUITests;
			productReference = EFAC13462A9FF34D00939145 /* EssentialAppUITests.xctest */;
			productType = "com.apple.product-type.bundle.ui-testing";
		};
/* End PBXNativeTarget section */

/* Begin PBXProject section */
		EFAC131E2A9FF34A00939145 /* Project object */ = {
			isa = PBXProject;
			attributes = {
				BuildIndependentTargetsInParallel = 1;
				LastSwiftUpdateCheck = 1420;
				LastUpgradeCheck = 1500;
				TargetAttributes = {
					EFAC13252A9FF34A00939145 = {
						CreatedOnToolsVersion = 14.2;
					};
					EFAC133B2A9FF34D00939145 = {
						CreatedOnToolsVersion = 14.2;
						LastSwiftMigration = 1500;
						TestTargetID = EFAC13252A9FF34A00939145;
					};
					EFAC13452A9FF34D00939145 = {
						CreatedOnToolsVersion = 14.2;
						LastSwiftMigration = 1500;
						TestTargetID = EFAC13252A9FF34A00939145;
					};
				};
			};
			buildConfigurationList = EFAC13212A9FF34A00939145 /* Build configuration list for PBXProject "EssentialApp" */;
			compatibilityVersion = "Xcode 14.0";
			developmentRegion = en;
			hasScannedForEncodings = 0;
			knownRegions = (
				en,
				Base,
			);
			mainGroup = EFAC131D2A9FF34A00939145;
			productRefGroup = EFAC13272A9FF34A00939145 /* Products */;
			projectDirPath = "";
			projectRoot = "";
			targets = (
				EFAC13252A9FF34A00939145 /* EssentialApp */,
				EFAC133B2A9FF34D00939145 /* EssentialAppTests */,
				EFAC13452A9FF34D00939145 /* EssentialAppUITests */,
			);
		};
/* End PBXProject section */

/* Begin PBXResourcesBuildPhase section */
		EFAC13242A9FF34A00939145 /* Resources */ = {
			isa = PBXResourcesBuildPhase;
			buildActionMask = 2147483647;
			files = (
				EFAC13362A9FF34C00939145 /* LaunchScreen.storyboard in Resources */,
				EFAC13332A9FF34C00939145 /* Assets.xcassets in Resources */,
				EFAC13312A9FF34A00939145 /* Main.storyboard in Resources */,
			);
			runOnlyForDeploymentPostprocessing = 0;
		};
		EFAC133A2A9FF34D00939145 /* Resources */ = {
			isa = PBXResourcesBuildPhase;
			buildActionMask = 2147483647;
			files = (
			);
			runOnlyForDeploymentPostprocessing = 0;
		};
		EFAC13442A9FF34D00939145 /* Resources */ = {
			isa = PBXResourcesBuildPhase;
			buildActionMask = 2147483647;
			files = (
			);
			runOnlyForDeploymentPostprocessing = 0;
		};
/* End PBXResourcesBuildPhase section */

/* Begin PBXSourcesBuildPhase section */
		EFAC13222A9FF34A00939145 /* Sources */ = {
			isa = PBXSourcesBuildPhase;
			buildActionMask = 2147483647;
			files = (
				EFAC132E2A9FF34A00939145 /* ViewController.swift in Sources */,
				EFAC132A2A9FF34A00939145 /* AppDelegate.swift in Sources */,
				EFAC132C2A9FF34A00939145 /* SceneDelegate.swift in Sources */,
			);
			runOnlyForDeploymentPostprocessing = 0;
		};
		EFAC13382A9FF34D00939145 /* Sources */ = {
			isa = PBXSourcesBuildPhase;
			buildActionMask = 2147483647;
			files = (
				EF4DA4222AA0A67500736141 /* EssentialAppTests.swift in Sources */,
				EF4DA4202AA08D3800736141 /* FeedLoaderWithFallbackCompositeTest.swift in Sources */,
			);
			runOnlyForDeploymentPostprocessing = 0;
		};
		EFAC13422A9FF34D00939145 /* Sources */ = {
			isa = PBXSourcesBuildPhase;
			buildActionMask = 2147483647;
			files = (
				EF4DA4252AA0A68700736141 /* EssentialAppUITests.swift in Sources */,
				EF4DA4262AA0A68700736141 /* EssentialAppUITestsLaunchTests.swift in Sources */,
			);
			runOnlyForDeploymentPostprocessing = 0;
		};
/* End PBXSourcesBuildPhase section */

/* Begin PBXTargetDependency section */
		EFAC133E2A9FF34D00939145 /* PBXTargetDependency */ = {
			isa = PBXTargetDependency;
			target = EFAC13252A9FF34A00939145 /* EssentialApp */;
			targetProxy = EFAC133D2A9FF34D00939145 /* PBXContainerItemProxy */;
		};
		EFAC13482A9FF34D00939145 /* PBXTargetDependency */ = {
			isa = PBXTargetDependency;
			target = EFAC13252A9FF34A00939145 /* EssentialApp */;
			targetProxy = EFAC13472A9FF34D00939145 /* PBXContainerItemProxy */;
		};
/* End PBXTargetDependency section */

/* Begin PBXVariantGroup section */
		EFAC132F2A9FF34A00939145 /* Main.storyboard */ = {
			isa = PBXVariantGroup;
			children = (
				EFAC13302A9FF34A00939145 /* Base */,
			);
			name = Main.storyboard;
			sourceTree = "<group>";
		};
		EFAC13342A9FF34C00939145 /* LaunchScreen.storyboard */ = {
			isa = PBXVariantGroup;
			children = (
				EFAC13352A9FF34C00939145 /* Base */,
			);
			name = LaunchScreen.storyboard;
			sourceTree = "<group>";
		};
/* End PBXVariantGroup section */

/* Begin XCBuildConfiguration section */
		EFAC134E2A9FF34D00939145 /* Debug */ = {
			isa = XCBuildConfiguration;
			buildSettings = {
				ALWAYS_SEARCH_USER_PATHS = NO;
				CLANG_ANALYZER_NONNULL = YES;
				CLANG_ANALYZER_NUMBER_OBJECT_CONVERSION = YES_AGGRESSIVE;
				CLANG_CXX_LANGUAGE_STANDARD = "gnu++20";
				CLANG_ENABLE_MODULES = YES;
				CLANG_ENABLE_OBJC_ARC = YES;
				CLANG_ENABLE_OBJC_WEAK = YES;
				CLANG_WARN_BLOCK_CAPTURE_AUTORELEASING = YES;
				CLANG_WARN_BOOL_CONVERSION = YES;
				CLANG_WARN_COMMA = YES;
				CLANG_WARN_CONSTANT_CONVERSION = YES;
				CLANG_WARN_DEPRECATED_OBJC_IMPLEMENTATIONS = YES;
				CLANG_WARN_DIRECT_OBJC_ISA_USAGE = YES_ERROR;
				CLANG_WARN_DOCUMENTATION_COMMENTS = YES;
				CLANG_WARN_EMPTY_BODY = YES;
				CLANG_WARN_ENUM_CONVERSION = YES;
				CLANG_WARN_INFINITE_RECURSION = YES;
				CLANG_WARN_INT_CONVERSION = YES;
				CLANG_WARN_NON_LITERAL_NULL_CONVERSION = YES;
				CLANG_WARN_OBJC_IMPLICIT_RETAIN_SELF = YES;
				CLANG_WARN_OBJC_LITERAL_CONVERSION = YES;
				CLANG_WARN_OBJC_ROOT_CLASS = YES_ERROR;
				CLANG_WARN_QUOTED_INCLUDE_IN_FRAMEWORK_HEADER = YES;
				CLANG_WARN_RANGE_LOOP_ANALYSIS = YES;
				CLANG_WARN_STRICT_PROTOTYPES = YES;
				CLANG_WARN_SUSPICIOUS_MOVE = YES;
				CLANG_WARN_UNGUARDED_AVAILABILITY = YES_AGGRESSIVE;
				CLANG_WARN_UNREACHABLE_CODE = YES;
				CLANG_WARN__DUPLICATE_METHOD_MATCH = YES;
				COPY_PHASE_STRIP = NO;
				DEBUG_INFORMATION_FORMAT = dwarf;
				ENABLE_STRICT_OBJC_MSGSEND = YES;
				ENABLE_TESTABILITY = YES;
				ENABLE_USER_SCRIPT_SANDBOXING = YES;
				GCC_C_LANGUAGE_STANDARD = gnu11;
				GCC_DYNAMIC_NO_PIC = NO;
				GCC_NO_COMMON_BLOCKS = YES;
				GCC_OPTIMIZATION_LEVEL = 0;
				GCC_PREPROCESSOR_DEFINITIONS = (
					"DEBUG=1",
					"$(inherited)",
				);
				GCC_WARN_64_TO_32_BIT_CONVERSION = YES;
				GCC_WARN_ABOUT_RETURN_TYPE = YES_ERROR;
				GCC_WARN_UNDECLARED_SELECTOR = YES;
				GCC_WARN_UNINITIALIZED_AUTOS = YES_AGGRESSIVE;
				GCC_WARN_UNUSED_FUNCTION = YES;
				GCC_WARN_UNUSED_VARIABLE = YES;
				IPHONEOS_DEPLOYMENT_TARGET = 17.0;
				MTL_ENABLE_DEBUG_INFO = INCLUDE_SOURCE;
				MTL_FAST_MATH = YES;
				ONLY_ACTIVE_ARCH = YES;
				SDKROOT = iphoneos;
				SWIFT_ACTIVE_COMPILATION_CONDITIONS = DEBUG;
				SWIFT_OPTIMIZATION_LEVEL = "-Onone";
			};
			name = Debug;
		};
		EFAC134F2A9FF34D00939145 /* Release */ = {
			isa = XCBuildConfiguration;
			buildSettings = {
				ALWAYS_SEARCH_USER_PATHS = NO;
				CLANG_ANALYZER_NONNULL = YES;
				CLANG_ANALYZER_NUMBER_OBJECT_CONVERSION = YES_AGGRESSIVE;
				CLANG_CXX_LANGUAGE_STANDARD = "gnu++20";
				CLANG_ENABLE_MODULES = YES;
				CLANG_ENABLE_OBJC_ARC = YES;
				CLANG_ENABLE_OBJC_WEAK = YES;
				CLANG_WARN_BLOCK_CAPTURE_AUTORELEASING = YES;
				CLANG_WARN_BOOL_CONVERSION = YES;
				CLANG_WARN_COMMA = YES;
				CLANG_WARN_CONSTANT_CONVERSION = YES;
				CLANG_WARN_DEPRECATED_OBJC_IMPLEMENTATIONS = YES;
				CLANG_WARN_DIRECT_OBJC_ISA_USAGE = YES_ERROR;
				CLANG_WARN_DOCUMENTATION_COMMENTS = YES;
				CLANG_WARN_EMPTY_BODY = YES;
				CLANG_WARN_ENUM_CONVERSION = YES;
				CLANG_WARN_INFINITE_RECURSION = YES;
				CLANG_WARN_INT_CONVERSION = YES;
				CLANG_WARN_NON_LITERAL_NULL_CONVERSION = YES;
				CLANG_WARN_OBJC_IMPLICIT_RETAIN_SELF = YES;
				CLANG_WARN_OBJC_LITERAL_CONVERSION = YES;
				CLANG_WARN_OBJC_ROOT_CLASS = YES_ERROR;
				CLANG_WARN_QUOTED_INCLUDE_IN_FRAMEWORK_HEADER = YES;
				CLANG_WARN_RANGE_LOOP_ANALYSIS = YES;
				CLANG_WARN_STRICT_PROTOTYPES = YES;
				CLANG_WARN_SUSPICIOUS_MOVE = YES;
				CLANG_WARN_UNGUARDED_AVAILABILITY = YES_AGGRESSIVE;
				CLANG_WARN_UNREACHABLE_CODE = YES;
				CLANG_WARN__DUPLICATE_METHOD_MATCH = YES;
				COPY_PHASE_STRIP = NO;
				DEBUG_INFORMATION_FORMAT = "dwarf-with-dsym";
				ENABLE_NS_ASSERTIONS = NO;
				ENABLE_STRICT_OBJC_MSGSEND = YES;
				ENABLE_USER_SCRIPT_SANDBOXING = YES;
				GCC_C_LANGUAGE_STANDARD = gnu11;
				GCC_NO_COMMON_BLOCKS = YES;
				GCC_WARN_64_TO_32_BIT_CONVERSION = YES;
				GCC_WARN_ABOUT_RETURN_TYPE = YES_ERROR;
				GCC_WARN_UNDECLARED_SELECTOR = YES;
				GCC_WARN_UNINITIALIZED_AUTOS = YES_AGGRESSIVE;
				GCC_WARN_UNUSED_FUNCTION = YES;
				GCC_WARN_UNUSED_VARIABLE = YES;
				IPHONEOS_DEPLOYMENT_TARGET = 17.0;
				MTL_ENABLE_DEBUG_INFO = NO;
				MTL_FAST_MATH = YES;
				SDKROOT = iphoneos;
				SWIFT_COMPILATION_MODE = wholemodule;
				SWIFT_OPTIMIZATION_LEVEL = "-O";
				VALIDATE_PRODUCT = YES;
			};
			name = Release;
		};
		EFAC13512A9FF34D00939145 /* Debug */ = {
			isa = XCBuildConfiguration;
			buildSettings = {
				ASSETCATALOG_COMPILER_APPICON_NAME = AppIcon;
				ASSETCATALOG_COMPILER_GLOBAL_ACCENT_COLOR_NAME = AccentColor;
				CODE_SIGN_STYLE = Automatic;
				CURRENT_PROJECT_VERSION = 1;
				DEVELOPMENT_TEAM = Z273P8K3M7;
				GENERATE_INFOPLIST_FILE = YES;
				INFOPLIST_FILE = EssentialApp/Info.plist;
				INFOPLIST_KEY_UIApplicationSupportsIndirectInputEvents = YES;
				INFOPLIST_KEY_UILaunchStoryboardName = LaunchScreen;
				INFOPLIST_KEY_UIMainStoryboardFile = Main;
				INFOPLIST_KEY_UISupportedInterfaceOrientations = UIInterfaceOrientationPortrait;
				INFOPLIST_KEY_UISupportedInterfaceOrientations_iPad = "UIInterfaceOrientationPortrait UIInterfaceOrientationPortraitUpsideDown";
				LD_RUNPATH_SEARCH_PATHS = (
					"$(inherited)",
					"@executable_path/Frameworks",
				);
				MARKETING_VERSION = 1.0;
				PRODUCT_BUNDLE_IDENTIFIER = swiftindepth.es.EssentialApp;
				PRODUCT_NAME = "$(TARGET_NAME)";
				SWIFT_EMIT_LOC_STRINGS = YES;
				SWIFT_VERSION = 5.0;
				TARGETED_DEVICE_FAMILY = "1,2";
			};
			name = Debug;
		};
		EFAC13522A9FF34D00939145 /* Release */ = {
			isa = XCBuildConfiguration;
			buildSettings = {
				ASSETCATALOG_COMPILER_APPICON_NAME = AppIcon;
				ASSETCATALOG_COMPILER_GLOBAL_ACCENT_COLOR_NAME = AccentColor;
				CODE_SIGN_STYLE = Automatic;
				CURRENT_PROJECT_VERSION = 1;
				DEVELOPMENT_TEAM = Z273P8K3M7;
				GENERATE_INFOPLIST_FILE = YES;
				INFOPLIST_FILE = EssentialApp/Info.plist;
				INFOPLIST_KEY_UIApplicationSupportsIndirectInputEvents = YES;
				INFOPLIST_KEY_UILaunchStoryboardName = LaunchScreen;
				INFOPLIST_KEY_UIMainStoryboardFile = Main;
				INFOPLIST_KEY_UISupportedInterfaceOrientations = UIInterfaceOrientationPortrait;
				INFOPLIST_KEY_UISupportedInterfaceOrientations_iPad = "UIInterfaceOrientationPortrait UIInterfaceOrientationPortraitUpsideDown";
				LD_RUNPATH_SEARCH_PATHS = (
					"$(inherited)",
					"@executable_path/Frameworks",
				);
				MARKETING_VERSION = 1.0;
				PRODUCT_BUNDLE_IDENTIFIER = swiftindepth.es.EssentialApp;
				PRODUCT_NAME = "$(TARGET_NAME)";
				SWIFT_EMIT_LOC_STRINGS = YES;
				SWIFT_VERSION = 5.0;
				TARGETED_DEVICE_FAMILY = "1,2";
			};
			name = Release;
		};
		EFAC13542A9FF34D00939145 /* Debug */ = {
			isa = XCBuildConfiguration;
			buildSettings = {
				ALWAYS_EMBED_SWIFT_STANDARD_LIBRARIES = YES;
				BUNDLE_LOADER = "$(TEST_HOST)";
				CLANG_ENABLE_MODULES = YES;
				CODE_SIGN_STYLE = Automatic;
				CURRENT_PROJECT_VERSION = 1;
				DEVELOPMENT_TEAM = Z273P8K3M7;
				GENERATE_INFOPLIST_FILE = YES;
				IPHONEOS_DEPLOYMENT_TARGET = 17.0;
				MARKETING_VERSION = 1.0;
				PRODUCT_BUNDLE_IDENTIFIER = swiftindepth.es.EssentialAppTests;
				PRODUCT_NAME = "$(TARGET_NAME)";
				SWIFT_EMIT_LOC_STRINGS = NO;
				SWIFT_OPTIMIZATION_LEVEL = "-Onone";
				SWIFT_VERSION = 5.0;
				TARGETED_DEVICE_FAMILY = "1,2";
				TEST_HOST = "$(BUILT_PRODUCTS_DIR)/EssentialApp.app/$(BUNDLE_EXECUTABLE_FOLDER_PATH)/EssentialApp";
			};
			name = Debug;
		};
		EFAC13552A9FF34D00939145 /* Release */ = {
			isa = XCBuildConfiguration;
			buildSettings = {
				ALWAYS_EMBED_SWIFT_STANDARD_LIBRARIES = YES;
				BUNDLE_LOADER = "$(TEST_HOST)";
				CLANG_ENABLE_MODULES = YES;
				CODE_SIGN_STYLE = Automatic;
				CURRENT_PROJECT_VERSION = 1;
				DEVELOPMENT_TEAM = Z273P8K3M7;
				GENERATE_INFOPLIST_FILE = YES;
				IPHONEOS_DEPLOYMENT_TARGET = 17.0;
				MARKETING_VERSION = 1.0;
				PRODUCT_BUNDLE_IDENTIFIER = swiftindepth.es.EssentialAppTests;
				PRODUCT_NAME = "$(TARGET_NAME)";
				SWIFT_EMIT_LOC_STRINGS = NO;
				SWIFT_VERSION = 5.0;
				TARGETED_DEVICE_FAMILY = "1,2";
				TEST_HOST = "$(BUILT_PRODUCTS_DIR)/EssentialApp.app/$(BUNDLE_EXECUTABLE_FOLDER_PATH)/EssentialApp";
			};
			name = Release;
		};
		EFAC13572A9FF34D00939145 /* Debug */ = {
			isa = XCBuildConfiguration;
			buildSettings = {
				ALWAYS_EMBED_SWIFT_STANDARD_LIBRARIES = YES;
				CLANG_ENABLE_MODULES = YES;
				CODE_SIGN_STYLE = Automatic;
				CURRENT_PROJECT_VERSION = 1;
				DEVELOPMENT_TEAM = Z273P8K3M7;
				GENERATE_INFOPLIST_FILE = YES;
				MARKETING_VERSION = 1.0;
				PRODUCT_BUNDLE_IDENTIFIER = swiftindepth.es.EssentialAppUITests;
				PRODUCT_NAME = "$(TARGET_NAME)";
				SWIFT_EMIT_LOC_STRINGS = NO;
				SWIFT_OPTIMIZATION_LEVEL = "-Onone";
				SWIFT_VERSION = 5.0;
				TARGETED_DEVICE_FAMILY = "1,2";
				TEST_TARGET_NAME = EssentialApp;
			};
			name = Debug;
		};
		EFAC13582A9FF34D00939145 /* Release */ = {
			isa = XCBuildConfiguration;
			buildSettings = {
				ALWAYS_EMBED_SWIFT_STANDARD_LIBRARIES = YES;
				CLANG_ENABLE_MODULES = YES;
				CODE_SIGN_STYLE = Automatic;
				CURRENT_PROJECT_VERSION = 1;
				DEVELOPMENT_TEAM = Z273P8K3M7;
				GENERATE_INFOPLIST_FILE = YES;
				MARKETING_VERSION = 1.0;
				PRODUCT_BUNDLE_IDENTIFIER = swiftindepth.es.EssentialAppUITests;
				PRODUCT_NAME = "$(TARGET_NAME)";
				SWIFT_EMIT_LOC_STRINGS = NO;
				SWIFT_VERSION = 5.0;
				TARGETED_DEVICE_FAMILY = "1,2";
				TEST_TARGET_NAME = EssentialApp;
			};
			name = Release;
		};
/* End XCBuildConfiguration section */

/* Begin XCConfigurationList section */
		EFAC13212A9FF34A00939145 /* Build configuration list for PBXProject "EssentialApp" */ = {
			isa = XCConfigurationList;
			buildConfigurations = (
				EFAC134E2A9FF34D00939145 /* Debug */,
				EFAC134F2A9FF34D00939145 /* Release */,
			);
			defaultConfigurationIsVisible = 0;
			defaultConfigurationName = Release;
		};
		EFAC13502A9FF34D00939145 /* Build configuration list for PBXNativeTarget "EssentialApp" */ = {
			isa = XCConfigurationList;
			buildConfigurations = (
				EFAC13512A9FF34D00939145 /* Debug */,
				EFAC13522A9FF34D00939145 /* Release */,
			);
			defaultConfigurationIsVisible = 0;
			defaultConfigurationName = Release;
		};
		EFAC13532A9FF34D00939145 /* Build configuration list for PBXNativeTarget "EssentialAppTests" */ = {
			isa = XCConfigurationList;
			buildConfigurations = (
				EFAC13542A9FF34D00939145 /* Debug */,
				EFAC13552A9FF34D00939145 /* Release */,
			);
			defaultConfigurationIsVisible = 0;
			defaultConfigurationName = Release;
		};
		EFAC13562A9FF34D00939145 /* Build configuration list for PBXNativeTarget "EssentialAppUITests" */ = {
			isa = XCConfigurationList;
			buildConfigurations = (
				EFAC13572A9FF34D00939145 /* Debug */,
				EFAC13582A9FF34D00939145 /* Release */,
			);
			defaultConfigurationIsVisible = 0;
			defaultConfigurationName = Release;
		};
/* End XCConfigurationList section */
	};
	rootObject = EFAC131E2A9FF34A00939145 /* Project object */;
}
