// !$*UTF8*$!
{
	archiveVersion = 1;
	classes = {
	};
	objectVersion = 56;
	objects = {

/* Begin PBXBuildFile section */
		EF4DA41A2A9FF72C00736141 /* EssentialFeed.framework in Frameworks */ = {isa = PBXBuildFile; fileRef = EF4DA4182A9FF72C00736141 /* EssentialFeed.framework */; };
		EF4DA41B2A9FF72C00736141 /* EssentialFeed.framework in Embed Frameworks */ = {isa = PBXBuildFile; fileRef = EF4DA4182A9FF72C00736141 /* EssentialFeed.framework */; settings = {ATTRIBUTES = (CodeSignOnCopy, RemoveHeadersOnCopy, ); }; };
		EF4DA41C2A9FF72C00736141 /* EssentialFeediOS.framework in Frameworks */ = {isa = PBXBuildFile; fileRef = EF4DA4192A9FF72C00736141 /* EssentialFeediOS.framework */; };
		EF4DA41D2A9FF72C00736141 /* EssentialFeediOS.framework in Embed Frameworks */ = {isa = PBXBuildFile; fileRef = EF4DA4192A9FF72C00736141 /* EssentialFeediOS.framework */; settings = {ATTRIBUTES = (CodeSignOnCopy, RemoveHeadersOnCopy, ); }; };
		EF4DA4202AA08D3800736141 /* FeedLoaderWithFallbackCompositeTest.swift in Sources */ = {isa = PBXBuildFile; fileRef = EF4DA41F2AA08D3800736141 /* FeedLoaderWithFallbackCompositeTest.swift */; };
		EF4DA4292AA0AD1400736141 /* XCTestCase+MemoryLeakTracking.swift in Sources */ = {isa = PBXBuildFile; fileRef = EF4DA4282AA0AD1400736141 /* XCTestCase+MemoryLeakTracking.swift */; };
		EF4DA42B2AA0AEBF00736141 /* SharedTestHelpers.swift in Sources */ = {isa = PBXBuildFile; fileRef = EF4DA42A2AA0AEBF00736141 /* SharedTestHelpers.swift */; };
		EF4DA42D2AA212EA00736141 /* FeedLoaderWithFallbackComposite.swift in Sources */ = {isa = PBXBuildFile; fileRef = EF4DA42C2AA212EA00736141 /* FeedLoaderWithFallbackComposite.swift */; };
		EF4DA42F2AA214AD00736141 /* FeedImageDataLoaderWithFallbackComposite.swift in Sources */ = {isa = PBXBuildFile; fileRef = EF4DA42E2AA214AD00736141 /* FeedImageDataLoaderWithFallbackComposite.swift */; };
		EF4DA4312AA33BD200736141 /* FeedLoaderCacheDecoratorTest.swift in Sources */ = {isa = PBXBuildFile; fileRef = EF4DA4302AA33BD200736141 /* FeedLoaderCacheDecoratorTest.swift */; };
		EF4DA4332AA3429900736141 /* FeedLoaderStub.swift in Sources */ = {isa = PBXBuildFile; fileRef = EF4DA4322AA3429900736141 /* FeedLoaderStub.swift */; };
		EF4DA4352AA3431600736141 /* FeedImageDataLoaderWithFallbackCompositeTests.swift in Sources */ = {isa = PBXBuildFile; fileRef = EF4DA4342AA3431600736141 /* FeedImageDataLoaderWithFallbackCompositeTests.swift */; };
		EF4DA4372AA3437000736141 /* FeedImageDataLoaderTestCase.swift in Sources */ = {isa = PBXBuildFile; fileRef = EF4DA4362AA3437000736141 /* FeedImageDataLoaderTestCase.swift */; };
		EF4DA4392AA347C600736141 /* FeedImageDataLoaderSpy.swift in Sources */ = {isa = PBXBuildFile; fileRef = EF4DA4382AA347C600736141 /* FeedImageDataLoaderSpy.swift */; };
		EF4DA43B2AA34D8C00736141 /* XCTestCase+FeedLoader.swift in Sources */ = {isa = PBXBuildFile; fileRef = EF4DA43A2AA34D8C00736141 /* XCTestCase+FeedLoader.swift */; };
		EF6291812AA3D11F00EDDB22 /* FeedLoaderCacheDecorator.swift in Sources */ = {isa = PBXBuildFile; fileRef = EF6291802AA3D11F00EDDB22 /* FeedLoaderCacheDecorator.swift */; };
		EF6291832AA3D8A500EDDB22 /* FeedImageDataLoaderCacheDecorator.swift in Sources */ = {isa = PBXBuildFile; fileRef = EF6291822AA3D8A500EDDB22 /* FeedImageDataLoaderCacheDecorator.swift */; };
		EF6291852AA3D8C600EDDB22 /* FeedImageDataLoaderCacheDecoratorTests.swift in Sources */ = {isa = PBXBuildFile; fileRef = EF6291842AA3D8C600EDDB22 /* FeedImageDataLoaderCacheDecoratorTests.swift */; };
		EF6291BC2AA48B3900EDDB22 /* EssentialAppUIAcceptanceTests.swift in Sources */ = {isa = PBXBuildFile; fileRef = EF6291BB2AA48B3900EDDB22 /* EssentialAppUIAcceptanceTests.swift */; };
		EF6291BE2AA48B3900EDDB22 /* EssentialAppUIAcceptanceTestsLaunchTests.swift in Sources */ = {isa = PBXBuildFile; fileRef = EF6291BD2AA48B3900EDDB22 /* EssentialAppUIAcceptanceTestsLaunchTests.swift */; };
		EFAC132A2A9FF34A00939145 /* AppDelegate.swift in Sources */ = {isa = PBXBuildFile; fileRef = EFAC13292A9FF34A00939145 /* AppDelegate.swift */; };
		EFAC132C2A9FF34A00939145 /* SceneDelegate.swift in Sources */ = {isa = PBXBuildFile; fileRef = EFAC132B2A9FF34A00939145 /* SceneDelegate.swift */; };
		EFAC132E2A9FF34A00939145 /* ViewController.swift in Sources */ = {isa = PBXBuildFile; fileRef = EFAC132D2A9FF34A00939145 /* ViewController.swift */; };
		EFAC13312A9FF34A00939145 /* Main.storyboard in Resources */ = {isa = PBXBuildFile; fileRef = EFAC132F2A9FF34A00939145 /* Main.storyboard */; };
		EFAC13332A9FF34C00939145 /* Assets.xcassets in Resources */ = {isa = PBXBuildFile; fileRef = EFAC13322A9FF34C00939145 /* Assets.xcassets */; };
		EFAC13362A9FF34C00939145 /* LaunchScreen.storyboard in Resources */ = {isa = PBXBuildFile; fileRef = EFAC13342A9FF34C00939145 /* LaunchScreen.storyboard */; };
/* End PBXBuildFile section */

/* Begin PBXContainerItemProxy section */
		EF6291BF2AA48B3900EDDB22 /* PBXContainerItemProxy */ = {
			isa = PBXContainerItemProxy;
			containerPortal = EFAC131E2A9FF34A00939145 /* Project object */;
			proxyType = 1;
			remoteGlobalIDString = EFAC13252A9FF34A00939145;
			remoteInfo = EssentialApp;
		};
		EFAC133D2A9FF34D00939145 /* PBXContainerItemProxy */ = {
			isa = PBXContainerItemProxy;
			containerPortal = EFAC131E2A9FF34A00939145 /* Project object */;
			proxyType = 1;
			remoteGlobalIDString = EFAC13252A9FF34A00939145;
			remoteInfo = EssentialApp;
		};
/* End PBXContainerItemProxy section */

/* Begin PBXCopyFilesBuildPhase section */
		EF4DA41E2A9FF72C00736141 /* Embed Frameworks */ = {
			isa = PBXCopyFilesBuildPhase;
			buildActionMask = 2147483647;
			dstPath = "";
			dstSubfolderSpec = 10;
			files = (
				EF4DA41B2A9FF72C00736141 /* EssentialFeed.framework in Embed Frameworks */,
				EF4DA41D2A9FF72C00736141 /* EssentialFeediOS.framework in Embed Frameworks */,
			);
			name = "Embed Frameworks";
			runOnlyForDeploymentPostprocessing = 0;
		};
/* End PBXCopyFilesBuildPhase section */

/* Begin PBXFileReference section */
		EF4DA4182A9FF72C00736141 /* EssentialFeed.framework */ = {isa = PBXFileReference; explicitFileType = wrapper.framework; path = EssentialFeed.framework; sourceTree = BUILT_PRODUCTS_DIR; };
		EF4DA4192A9FF72C00736141 /* EssentialFeediOS.framework */ = {isa = PBXFileReference; explicitFileType = wrapper.framework; path = EssentialFeediOS.framework; sourceTree = BUILT_PRODUCTS_DIR; };
		EF4DA41F2AA08D3800736141 /* FeedLoaderWithFallbackCompositeTest.swift */ = {isa = PBXFileReference; lastKnownFileType = sourcecode.swift; path = FeedLoaderWithFallbackCompositeTest.swift; sourceTree = "<group>"; };
		EF4DA4282AA0AD1400736141 /* XCTestCase+MemoryLeakTracking.swift */ = {isa = PBXFileReference; lastKnownFileType = sourcecode.swift; path = "XCTestCase+MemoryLeakTracking.swift"; sourceTree = "<group>"; };
		EF4DA42A2AA0AEBF00736141 /* SharedTestHelpers.swift */ = {isa = PBXFileReference; lastKnownFileType = sourcecode.swift; path = SharedTestHelpers.swift; sourceTree = "<group>"; };
		EF4DA42C2AA212EA00736141 /* FeedLoaderWithFallbackComposite.swift */ = {isa = PBXFileReference; lastKnownFileType = sourcecode.swift; path = FeedLoaderWithFallbackComposite.swift; sourceTree = "<group>"; };
		EF4DA42E2AA214AD00736141 /* FeedImageDataLoaderWithFallbackComposite.swift */ = {isa = PBXFileReference; lastKnownFileType = sourcecode.swift; path = FeedImageDataLoaderWithFallbackComposite.swift; sourceTree = "<group>"; };
		EF4DA4302AA33BD200736141 /* FeedLoaderCacheDecoratorTest.swift */ = {isa = PBXFileReference; lastKnownFileType = sourcecode.swift; path = FeedLoaderCacheDecoratorTest.swift; sourceTree = "<group>"; };
		EF4DA4322AA3429900736141 /* FeedLoaderStub.swift */ = {isa = PBXFileReference; lastKnownFileType = sourcecode.swift; path = FeedLoaderStub.swift; sourceTree = "<group>"; };
		EF4DA4342AA3431600736141 /* FeedImageDataLoaderWithFallbackCompositeTests.swift */ = {isa = PBXFileReference; lastKnownFileType = sourcecode.swift; path = FeedImageDataLoaderWithFallbackCompositeTests.swift; sourceTree = "<group>"; };
		EF4DA4362AA3437000736141 /* FeedImageDataLoaderTestCase.swift */ = {isa = PBXFileReference; lastKnownFileType = sourcecode.swift; path = FeedImageDataLoaderTestCase.swift; sourceTree = "<group>"; };
		EF4DA4382AA347C600736141 /* FeedImageDataLoaderSpy.swift */ = {isa = PBXFileReference; lastKnownFileType = sourcecode.swift; path = FeedImageDataLoaderSpy.swift; sourceTree = "<group>"; };
		EF4DA43A2AA34D8C00736141 /* XCTestCase+FeedLoader.swift */ = {isa = PBXFileReference; lastKnownFileType = sourcecode.swift; path = "XCTestCase+FeedLoader.swift"; sourceTree = "<group>"; };
		EF6291802AA3D11F00EDDB22 /* FeedLoaderCacheDecorator.swift */ = {isa = PBXFileReference; lastKnownFileType = sourcecode.swift; path = FeedLoaderCacheDecorator.swift; sourceTree = "<group>"; };
		EF6291822AA3D8A500EDDB22 /* FeedImageDataLoaderCacheDecorator.swift */ = {isa = PBXFileReference; lastKnownFileType = sourcecode.swift; path = FeedImageDataLoaderCacheDecorator.swift; sourceTree = "<group>"; };
		EF6291842AA3D8C600EDDB22 /* FeedImageDataLoaderCacheDecoratorTests.swift */ = {isa = PBXFileReference; lastKnownFileType = sourcecode.swift; path = FeedImageDataLoaderCacheDecoratorTests.swift; sourceTree = "<group>"; };
		EF6291B92AA48B3900EDDB22 /* EssentialAppUIAcceptanceTests.xctest */ = {isa = PBXFileReference; explicitFileType = wrapper.cfbundle; includeInIndex = 0; path = EssentialAppUIAcceptanceTests.xctest; sourceTree = BUILT_PRODUCTS_DIR; };
		EF6291BB2AA48B3900EDDB22 /* EssentialAppUIAcceptanceTests.swift */ = {isa = PBXFileReference; lastKnownFileType = sourcecode.swift; path = EssentialAppUIAcceptanceTests.swift; sourceTree = "<group>"; };
		EF6291BD2AA48B3900EDDB22 /* EssentialAppUIAcceptanceTestsLaunchTests.swift */ = {isa = PBXFileReference; lastKnownFileType = sourcecode.swift; path = EssentialAppUIAcceptanceTestsLaunchTests.swift; sourceTree = "<group>"; };
		EFAC13262A9FF34A00939145 /* EssentialApp.app */ = {isa = PBXFileReference; explicitFileType = wrapper.application; includeInIndex = 0; path = EssentialApp.app; sourceTree = BUILT_PRODUCTS_DIR; };
		EFAC13292A9FF34A00939145 /* AppDelegate.swift */ = {isa = PBXFileReference; lastKnownFileType = sourcecode.swift; path = AppDelegate.swift; sourceTree = "<group>"; };
		EFAC132B2A9FF34A00939145 /* SceneDelegate.swift */ = {isa = PBXFileReference; lastKnownFileType = sourcecode.swift; path = SceneDelegate.swift; sourceTree = "<group>"; };
		EFAC132D2A9FF34A00939145 /* ViewController.swift */ = {isa = PBXFileReference; lastKnownFileType = sourcecode.swift; path = ViewController.swift; sourceTree = "<group>"; };
		EFAC13302A9FF34A00939145 /* Base */ = {isa = PBXFileReference; lastKnownFileType = file.storyboard; name = Base; path = Base.lproj/Main.storyboard; sourceTree = "<group>"; };
		EFAC13322A9FF34C00939145 /* Assets.xcassets */ = {isa = PBXFileReference; lastKnownFileType = folder.assetcatalog; path = Assets.xcassets; sourceTree = "<group>"; };
		EFAC13352A9FF34C00939145 /* Base */ = {isa = PBXFileReference; lastKnownFileType = file.storyboard; name = Base; path = Base.lproj/LaunchScreen.storyboard; sourceTree = "<group>"; };
		EFAC13372A9FF34C00939145 /* Info.plist */ = {isa = PBXFileReference; lastKnownFileType = text.plist.xml; path = Info.plist; sourceTree = "<group>"; };
		EFAC133C2A9FF34D00939145 /* EssentialAppTests.xctest */ = {isa = PBXFileReference; explicitFileType = wrapper.cfbundle; includeInIndex = 0; path = EssentialAppTests.xctest; sourceTree = BUILT_PRODUCTS_DIR; };
/* End PBXFileReference section */

/* Begin PBXFrameworksBuildPhase section */
		EF6291B62AA48B3900EDDB22 /* Frameworks */ = {
			isa = PBXFrameworksBuildPhase;
			buildActionMask = 2147483647;
			files = (
			);
			runOnlyForDeploymentPostprocessing = 0;
		};
		EFAC13232A9FF34A00939145 /* Frameworks */ = {
			isa = PBXFrameworksBuildPhase;
			buildActionMask = 2147483647;
			files = (
				EF4DA41A2A9FF72C00736141 /* EssentialFeed.framework in Frameworks */,
				EF4DA41C2A9FF72C00736141 /* EssentialFeediOS.framework in Frameworks */,
			);
			runOnlyForDeploymentPostprocessing = 0;
		};
		EFAC13392A9FF34D00939145 /* Frameworks */ = {
			isa = PBXFrameworksBuildPhase;
			buildActionMask = 2147483647;
			files = (
			);
			runOnlyForDeploymentPostprocessing = 0;
		};
/* End PBXFrameworksBuildPhase section */

/* Begin PBXGroup section */
		EF4DA4172A9FF72C00736141 /* Frameworks */ = {
			isa = PBXGroup;
			children = (
				EF4DA4182A9FF72C00736141 /* EssentialFeed.framework */,
				EF4DA4192A9FF72C00736141 /* EssentialFeediOS.framework */,
			);
			name = Frameworks;
			sourceTree = "<group>";
		};
		EF4DA4272AA0ACFF00736141 /* Helpers */ = {
			isa = PBXGroup;
			children = (
				EF4DA4282AA0AD1400736141 /* XCTestCase+MemoryLeakTracking.swift */,
				EF4DA43A2AA34D8C00736141 /* XCTestCase+FeedLoader.swift */,
				EF4DA42A2AA0AEBF00736141 /* SharedTestHelpers.swift */,
				EF4DA4322AA3429900736141 /* FeedLoaderStub.swift */,
				EF4DA4382AA347C600736141 /* FeedImageDataLoaderSpy.swift */,
			);
			path = Helpers;
			sourceTree = "<group>";
		};
		EF6291BA2AA48B3900EDDB22 /* EssentialAppUIAcceptanceTests */ = {
			isa = PBXGroup;
			children = (
				EF6291BB2AA48B3900EDDB22 /* EssentialAppUIAcceptanceTests.swift */,
				EF6291BD2AA48B3900EDDB22 /* EssentialAppUIAcceptanceTestsLaunchTests.swift */,
			);
			path = EssentialAppUIAcceptanceTests;
			sourceTree = "<group>";
		};
		EFAC131D2A9FF34A00939145 = {
			isa = PBXGroup;
			children = (
				EFAC13282A9FF34A00939145 /* EssentialApp */,
				EFAC133F2A9FF34D00939145 /* EssentialAppTests */,
				EF6291BA2AA48B3900EDDB22 /* EssentialAppUIAcceptanceTests */,
				EFAC13272A9FF34A00939145 /* Products */,
				EF4DA4172A9FF72C00736141 /* Frameworks */,
			);
			sourceTree = "<group>";
		};
		EFAC13272A9FF34A00939145 /* Products */ = {
			isa = PBXGroup;
			children = (
				EFAC13262A9FF34A00939145 /* EssentialApp.app */,
				EFAC133C2A9FF34D00939145 /* EssentialAppTests.xctest */,
				EF6291B92AA48B3900EDDB22 /* EssentialAppUIAcceptanceTests.xctest */,
			);
			name = Products;
			sourceTree = "<group>";
		};
		EFAC13282A9FF34A00939145 /* EssentialApp */ = {
			isa = PBXGroup;
			children = (
				EFAC13292A9FF34A00939145 /* AppDelegate.swift */,
				EFAC132B2A9FF34A00939145 /* SceneDelegate.swift */,
				EFAC132D2A9FF34A00939145 /* ViewController.swift */,
				EF4DA42C2AA212EA00736141 /* FeedLoaderWithFallbackComposite.swift */,
				EF4DA42E2AA214AD00736141 /* FeedImageDataLoaderWithFallbackComposite.swift */,
				EF6291802AA3D11F00EDDB22 /* FeedLoaderCacheDecorator.swift */,
				EF6291822AA3D8A500EDDB22 /* FeedImageDataLoaderCacheDecorator.swift */,
				EFAC132F2A9FF34A00939145 /* Main.storyboard */,
				EFAC13322A9FF34C00939145 /* Assets.xcassets */,
				EFAC13342A9FF34C00939145 /* LaunchScreen.storyboard */,
				EFAC13372A9FF34C00939145 /* Info.plist */,
			);
			path = EssentialApp;
			sourceTree = "<group>";
		};
		EFAC133F2A9FF34D00939145 /* EssentialAppTests */ = {
			isa = PBXGroup;
			children = (
				EF4DA4272AA0ACFF00736141 /* Helpers */,
				EF4DA41F2AA08D3800736141 /* FeedLoaderWithFallbackCompositeTest.swift */,
				EF4DA4302AA33BD200736141 /* FeedLoaderCacheDecoratorTest.swift */,
				EF4DA4342AA3431600736141 /* FeedImageDataLoaderWithFallbackCompositeTests.swift */,
				EF4DA4362AA3437000736141 /* FeedImageDataLoaderTestCase.swift */,
				EF6291842AA3D8C600EDDB22 /* FeedImageDataLoaderCacheDecoratorTests.swift */,
			);
			path = EssentialAppTests;
			sourceTree = "<group>";
		};
/* End PBXGroup section */

/* Begin PBXNativeTarget section */
		EF6291B82AA48B3900EDDB22 /* EssentialAppUIAcceptanceTests */ = {
			isa = PBXNativeTarget;
			buildConfigurationList = EF6291C12AA48B3900EDDB22 /* Build configuration list for PBXNativeTarget "EssentialAppUIAcceptanceTests" */;
			buildPhases = (
				EF6291B52AA48B3900EDDB22 /* Sources */,
				EF6291B62AA48B3900EDDB22 /* Frameworks */,
				EF6291B72AA48B3900EDDB22 /* Resources */,
			);
			buildRules = (
			);
			dependencies = (
				EF6291C02AA48B3900EDDB22 /* PBXTargetDependency */,
			);
			name = EssentialAppUIAcceptanceTests;
			productName = EssentialAppUIAcceptanceTests;
			productReference = EF6291B92AA48B3900EDDB22 /* EssentialAppUIAcceptanceTests.xctest */;
			productType = "com.apple.product-type.bundle.ui-testing";
		};
		EFAC13252A9FF34A00939145 /* EssentialApp */ = {
			isa = PBXNativeTarget;
			buildConfigurationList = EFAC13502A9FF34D00939145 /* Build configuration list for PBXNativeTarget "EssentialApp" */;
			buildPhases = (
				EFAC13222A9FF34A00939145 /* Sources */,
				EFAC13232A9FF34A00939145 /* Frameworks */,
				EFAC13242A9FF34A00939145 /* Resources */,
				EF4DA41E2A9FF72C00736141 /* Embed Frameworks */,
			);
			buildRules = (
			);
			dependencies = (
			);
			name = EssentialApp;
			productName = EssentialApp;
			productReference = EFAC13262A9FF34A00939145 /* EssentialApp.app */;
			productType = "com.apple.product-type.application";
		};
		EFAC133B2A9FF34D00939145 /* EssentialAppTests */ = {
			isa = PBXNativeTarget;
			buildConfigurationList = EFAC13532A9FF34D00939145 /* Build configuration list for PBXNativeTarget "EssentialAppTests" */;
			buildPhases = (
				EFAC13382A9FF34D00939145 /* Sources */,
				EFAC13392A9FF34D00939145 /* Frameworks */,
				EFAC133A2A9FF34D00939145 /* Resources */,
			);
			buildRules = (
			);
			dependencies = (
				EFAC133E2A9FF34D00939145 /* PBXTargetDependency */,
			);
			name = EssentialAppTests;
			productName = EssentialAppTests;
			productReference = EFAC133C2A9FF34D00939145 /* EssentialAppTests.xctest */;
			productType = "com.apple.product-type.bundle.unit-test";
		};
/* End PBXNativeTarget section */

/* Begin PBXProject section */
		EFAC131E2A9FF34A00939145 /* Project object */ = {
			isa = PBXProject;
			attributes = {
				BuildIndependentTargetsInParallel = 1;
				LastSwiftUpdateCheck = 1500;
				LastUpgradeCheck = 1500;
				TargetAttributes = {
					EF6291B82AA48B3900EDDB22 = {
						CreatedOnToolsVersion = 15.0;
						TestTargetID = EFAC13252A9FF34A00939145;
					};
					EFAC13252A9FF34A00939145 = {
						CreatedOnToolsVersion = 14.2;
					};
					EFAC133B2A9FF34D00939145 = {
						CreatedOnToolsVersion = 14.2;
						LastSwiftMigration = 1500;
						TestTargetID = EFAC13252A9FF34A00939145;
					};
				};
			};
			buildConfigurationList = EFAC13212A9FF34A00939145 /* Build configuration list for PBXProject "EssentialApp" */;
			compatibilityVersion = "Xcode 14.0";
			developmentRegion = en;
			hasScannedForEncodings = 0;
			knownRegions = (
				en,
				Base,
			);
			mainGroup = EFAC131D2A9FF34A00939145;
			productRefGroup = EFAC13272A9FF34A00939145 /* Products */;
			projectDirPath = "";
			projectRoot = "";
			targets = (
				EFAC13252A9FF34A00939145 /* EssentialApp */,
				EFAC133B2A9FF34D00939145 /* EssentialAppTests */,
				EF6291B82AA48B3900EDDB22 /* EssentialAppUIAcceptanceTests */,
			);
		};
/* End PBXProject section */

/* Begin PBXResourcesBuildPhase section */
		EF6291B72AA48B3900EDDB22 /* Resources */ = {
			isa = PBXResourcesBuildPhase;
			buildActionMask = 2147483647;
			files = (
			);
			runOnlyForDeploymentPostprocessing = 0;
		};
		EFAC13242A9FF34A00939145 /* Resources */ = {
			isa = PBXResourcesBuildPhase;
			buildActionMask = 2147483647;
			files = (
				EFAC13362A9FF34C00939145 /* LaunchScreen.storyboard in Resources */,
				EFAC13332A9FF34C00939145 /* Assets.xcassets in Resources */,
				EFAC13312A9FF34A00939145 /* Main.storyboard in Resources */,
			);
			runOnlyForDeploymentPostprocessing = 0;
		};
		EFAC133A2A9FF34D00939145 /* Resources */ = {
			isa = PBXResourcesBuildPhase;
			buildActionMask = 2147483647;
			files = (
			);
			runOnlyForDeploymentPostprocessing = 0;
		};
/* End PBXResourcesBuildPhase section */

/* Begin PBXSourcesBuildPhase section */
		EF6291B52AA48B3900EDDB22 /* Sources */ = {
			isa = PBXSourcesBuildPhase;
			buildActionMask = 2147483647;
			files = (
				EF6291BE2AA48B3900EDDB22 /* EssentialAppUIAcceptanceTestsLaunchTests.swift in Sources */,
				EF6291BC2AA48B3900EDDB22 /* EssentialAppUIAcceptanceTests.swift in Sources */,
			);
			runOnlyForDeploymentPostprocessing = 0;
		};
		EFAC13222A9FF34A00939145 /* Sources */ = {
			isa = PBXSourcesBuildPhase;
			buildActionMask = 2147483647;
			files = (
				EFAC132E2A9FF34A00939145 /* ViewController.swift in Sources */,
				EFAC132A2A9FF34A00939145 /* AppDelegate.swift in Sources */,
				EF4DA42D2AA212EA00736141 /* FeedLoaderWithFallbackComposite.swift in Sources */,
				EF6291812AA3D11F00EDDB22 /* FeedLoaderCacheDecorator.swift in Sources */,
				EFAC132C2A9FF34A00939145 /* SceneDelegate.swift in Sources */,
				EF4DA42F2AA214AD00736141 /* FeedImageDataLoaderWithFallbackComposite.swift in Sources */,
				EF6291832AA3D8A500EDDB22 /* FeedImageDataLoaderCacheDecorator.swift in Sources */,
			);
			runOnlyForDeploymentPostprocessing = 0;
		};
		EFAC13382A9FF34D00939145 /* Sources */ = {
			isa = PBXSourcesBuildPhase;
			buildActionMask = 2147483647;
			files = (
				EF4DA4202AA08D3800736141 /* FeedLoaderWithFallbackCompositeTest.swift in Sources */,
				EF4DA4332AA3429900736141 /* FeedLoaderStub.swift in Sources */,
				EF4DA4372AA3437000736141 /* FeedImageDataLoaderTestCase.swift in Sources */,
				EF4DA43B2AA34D8C00736141 /* XCTestCase+FeedLoader.swift in Sources */,
				EF4DA4392AA347C600736141 /* FeedImageDataLoaderSpy.swift in Sources */,
				EF4DA4352AA3431600736141 /* FeedImageDataLoaderWithFallbackCompositeTests.swift in Sources */,
				EF4DA4292AA0AD1400736141 /* XCTestCase+MemoryLeakTracking.swift in Sources */,
				EF4DA42B2AA0AEBF00736141 /* SharedTestHelpers.swift in Sources */,
				EF4DA4312AA33BD200736141 /* FeedLoaderCacheDecoratorTest.swift in Sources */,
				EF6291852AA3D8C600EDDB22 /* FeedImageDataLoaderCacheDecoratorTests.swift in Sources */,
			);
			runOnlyForDeploymentPostprocessing = 0;
		};
/* End PBXSourcesBuildPhase section */

/* Begin PBXTargetDependency section */
		EF6291C02AA48B3900EDDB22 /* PBXTargetDependency */ = {
			isa = PBXTargetDependency;
			target = EFAC13252A9FF34A00939145 /* EssentialApp */;
			targetProxy = EF6291BF2AA48B3900EDDB22 /* PBXContainerItemProxy */;
		};
		EFAC133E2A9FF34D00939145 /* PBXTargetDependency */ = {
			isa = PBXTargetDependency;
			target = EFAC13252A9FF34A00939145 /* EssentialApp */;
			targetProxy = EFAC133D2A9FF34D00939145 /* PBXContainerItemProxy */;
		};
/* End PBXTargetDependency section */

/* Begin PBXVariantGroup section */
		EFAC132F2A9FF34A00939145 /* Main.storyboard */ = {
			isa = PBXVariantGroup;
			children = (
				EFAC13302A9FF34A00939145 /* Base */,
			);
			name = Main.storyboard;
			sourceTree = "<group>";
		};
		EFAC13342A9FF34C00939145 /* LaunchScreen.storyboard */ = {
			isa = PBXVariantGroup;
			children = (
				EFAC13352A9FF34C00939145 /* Base */,
			);
			name = LaunchScreen.storyboard;
			sourceTree = "<group>";
		};
/* End PBXVariantGroup section */

/* Begin XCBuildConfiguration section */
		EF6291C22AA48B3900EDDB22 /* Debug */ = {
			isa = XCBuildConfiguration;
			buildSettings = {
				ASSETCATALOG_COMPILER_GENERATE_SWIFT_ASSET_SYMBOL_EXTENSIONS = YES;
				CODE_SIGN_STYLE = Automatic;
				CURRENT_PROJECT_VERSION = 1;
				DEVELOPMENT_TEAM = Z273P8K3M7;
				GCC_C_LANGUAGE_STANDARD = gnu17;
				GENERATE_INFOPLIST_FILE = YES;
				LOCALIZATION_PREFERS_STRING_CATALOGS = YES;
				MARKETING_VERSION = 1.0;
				PRODUCT_BUNDLE_IDENTIFIER = swiftindepth.es.EssentialAppUIAcceptanceTests;
				PRODUCT_NAME = "$(TARGET_NAME)";
				SWIFT_ACTIVE_COMPILATION_CONDITIONS = "DEBUG $(inherited)";
				SWIFT_EMIT_LOC_STRINGS = NO;
				SWIFT_VERSION = 5.0;
				TARGETED_DEVICE_FAMILY = "1,2";
				TEST_TARGET_NAME = EssentialApp;
			};
			name = Debug;
		};
		EF6291C32AA48B3900EDDB22 /* Release */ = {
			isa = XCBuildConfiguration;
			buildSettings = {
				ASSETCATALOG_COMPILER_GENERATE_SWIFT_ASSET_SYMBOL_EXTENSIONS = YES;
				CODE_SIGN_STYLE = Automatic;
				CURRENT_PROJECT_VERSION = 1;
				DEVELOPMENT_TEAM = Z273P8K3M7;
				GCC_C_LANGUAGE_STANDARD = gnu17;
				GENERATE_INFOPLIST_FILE = YES;
				LOCALIZATION_PREFERS_STRING_CATALOGS = YES;
				MARKETING_VERSION = 1.0;
				PRODUCT_BUNDLE_IDENTIFIER = swiftindepth.es.EssentialAppUIAcceptanceTests;
				PRODUCT_NAME = "$(TARGET_NAME)";
				SWIFT_EMIT_LOC_STRINGS = NO;
				SWIFT_VERSION = 5.0;
				TARGETED_DEVICE_FAMILY = "1,2";
				TEST_TARGET_NAME = EssentialApp;
			};
			name = Release;
		};
		EFAC134E2A9FF34D00939145 /* Debug */ = {
			isa = XCBuildConfiguration;
			buildSettings = {
				ALWAYS_SEARCH_USER_PATHS = NO;
				CLANG_ANALYZER_NONNULL = YES;
				CLANG_ANALYZER_NUMBER_OBJECT_CONVERSION = YES_AGGRESSIVE;
				CLANG_CXX_LANGUAGE_STANDARD = "gnu++20";
				CLANG_ENABLE_MODULES = YES;
				CLANG_ENABLE_OBJC_ARC = YES;
				CLANG_ENABLE_OBJC_WEAK = YES;
				CLANG_WARN_BLOCK_CAPTURE_AUTORELEASING = YES;
				CLANG_WARN_BOOL_CONVERSION = YES;
				CLANG_WARN_COMMA = YES;
				CLANG_WARN_CONSTANT_CONVERSION = YES;
				CLANG_WARN_DEPRECATED_OBJC_IMPLEMENTATIONS = YES;
				CLANG_WARN_DIRECT_OBJC_ISA_USAGE = YES_ERROR;
				CLANG_WARN_DOCUMENTATION_COMMENTS = YES;
				CLANG_WARN_EMPTY_BODY = YES;
				CLANG_WARN_ENUM_CONVERSION = YES;
				CLANG_WARN_INFINITE_RECURSION = YES;
				CLANG_WARN_INT_CONVERSION = YES;
				CLANG_WARN_NON_LITERAL_NULL_CONVERSION = YES;
				CLANG_WARN_OBJC_IMPLICIT_RETAIN_SELF = YES;
				CLANG_WARN_OBJC_LITERAL_CONVERSION = YES;
				CLANG_WARN_OBJC_ROOT_CLASS = YES_ERROR;
				CLANG_WARN_QUOTED_INCLUDE_IN_FRAMEWORK_HEADER = YES;
				CLANG_WARN_RANGE_LOOP_ANALYSIS = YES;
				CLANG_WARN_STRICT_PROTOTYPES = YES;
				CLANG_WARN_SUSPICIOUS_MOVE = YES;
				CLANG_WARN_UNGUARDED_AVAILABILITY = YES_AGGRESSIVE;
				CLANG_WARN_UNREACHABLE_CODE = YES;
				CLANG_WARN__DUPLICATE_METHOD_MATCH = YES;
				COPY_PHASE_STRIP = NO;
				DEBUG_INFORMATION_FORMAT = dwarf;
				ENABLE_STRICT_OBJC_MSGSEND = YES;
				ENABLE_TESTABILITY = YES;
				ENABLE_USER_SCRIPT_SANDBOXING = YES;
				GCC_C_LANGUAGE_STANDARD = gnu11;
				GCC_DYNAMIC_NO_PIC = NO;
				GCC_NO_COMMON_BLOCKS = YES;
				GCC_OPTIMIZATION_LEVEL = 0;
				GCC_PREPROCESSOR_DEFINITIONS = (
					"DEBUG=1",
					"$(inherited)",
				);
				GCC_WARN_64_TO_32_BIT_CONVERSION = YES;
				GCC_WARN_ABOUT_RETURN_TYPE = YES_ERROR;
				GCC_WARN_UNDECLARED_SELECTOR = YES;
				GCC_WARN_UNINITIALIZED_AUTOS = YES_AGGRESSIVE;
				GCC_WARN_UNUSED_FUNCTION = YES;
				GCC_WARN_UNUSED_VARIABLE = YES;
				IPHONEOS_DEPLOYMENT_TARGET = 17.0;
				MTL_ENABLE_DEBUG_INFO = INCLUDE_SOURCE;
				MTL_FAST_MATH = YES;
				ONLY_ACTIVE_ARCH = YES;
				SDKROOT = iphoneos;
				SWIFT_ACTIVE_COMPILATION_CONDITIONS = DEBUG;
				SWIFT_OPTIMIZATION_LEVEL = "-Onone";
			};
			name = Debug;
		};
		EFAC134F2A9FF34D00939145 /* Release */ = {
			isa = XCBuildConfiguration;
			buildSettings = {
				ALWAYS_SEARCH_USER_PATHS = NO;
				CLANG_ANALYZER_NONNULL = YES;
				CLANG_ANALYZER_NUMBER_OBJECT_CONVERSION = YES_AGGRESSIVE;
				CLANG_CXX_LANGUAGE_STANDARD = "gnu++20";
				CLANG_ENABLE_MODULES = YES;
				CLANG_ENABLE_OBJC_ARC = YES;
				CLANG_ENABLE_OBJC_WEAK = YES;
				CLANG_WARN_BLOCK_CAPTURE_AUTORELEASING = YES;
				CLANG_WARN_BOOL_CONVERSION = YES;
				CLANG_WARN_COMMA = YES;
				CLANG_WARN_CONSTANT_CONVERSION = YES;
				CLANG_WARN_DEPRECATED_OBJC_IMPLEMENTATIONS = YES;
				CLANG_WARN_DIRECT_OBJC_ISA_USAGE = YES_ERROR;
				CLANG_WARN_DOCUMENTATION_COMMENTS = YES;
				CLANG_WARN_EMPTY_BODY = YES;
				CLANG_WARN_ENUM_CONVERSION = YES;
				CLANG_WARN_INFINITE_RECURSION = YES;
				CLANG_WARN_INT_CONVERSION = YES;
				CLANG_WARN_NON_LITERAL_NULL_CONVERSION = YES;
				CLANG_WARN_OBJC_IMPLICIT_RETAIN_SELF = YES;
				CLANG_WARN_OBJC_LITERAL_CONVERSION = YES;
				CLANG_WARN_OBJC_ROOT_CLASS = YES_ERROR;
				CLANG_WARN_QUOTED_INCLUDE_IN_FRAMEWORK_HEADER = YES;
				CLANG_WARN_RANGE_LOOP_ANALYSIS = YES;
				CLANG_WARN_STRICT_PROTOTYPES = YES;
				CLANG_WARN_SUSPICIOUS_MOVE = YES;
				CLANG_WARN_UNGUARDED_AVAILABILITY = YES_AGGRESSIVE;
				CLANG_WARN_UNREACHABLE_CODE = YES;
				CLANG_WARN__DUPLICATE_METHOD_MATCH = YES;
				COPY_PHASE_STRIP = NO;
				DEBUG_INFORMATION_FORMAT = "dwarf-with-dsym";
				ENABLE_NS_ASSERTIONS = NO;
				ENABLE_STRICT_OBJC_MSGSEND = YES;
				ENABLE_USER_SCRIPT_SANDBOXING = YES;
				GCC_C_LANGUAGE_STANDARD = gnu11;
				GCC_NO_COMMON_BLOCKS = YES;
				GCC_WARN_64_TO_32_BIT_CONVERSION = YES;
				GCC_WARN_ABOUT_RETURN_TYPE = YES_ERROR;
				GCC_WARN_UNDECLARED_SELECTOR = YES;
				GCC_WARN_UNINITIALIZED_AUTOS = YES_AGGRESSIVE;
				GCC_WARN_UNUSED_FUNCTION = YES;
				GCC_WARN_UNUSED_VARIABLE = YES;
				IPHONEOS_DEPLOYMENT_TARGET = 17.0;
				MTL_ENABLE_DEBUG_INFO = NO;
				MTL_FAST_MATH = YES;
				SDKROOT = iphoneos;
				SWIFT_COMPILATION_MODE = wholemodule;
				SWIFT_OPTIMIZATION_LEVEL = "-O";
				VALIDATE_PRODUCT = YES;
			};
			name = Release;
		};
		EFAC13512A9FF34D00939145 /* Debug */ = {
			isa = XCBuildConfiguration;
			buildSettings = {
				ASSETCATALOG_COMPILER_APPICON_NAME = AppIcon;
				ASSETCATALOG_COMPILER_GLOBAL_ACCENT_COLOR_NAME = AccentColor;
				CODE_SIGN_STYLE = Automatic;
				CURRENT_PROJECT_VERSION = 1;
				DEVELOPMENT_TEAM = Z273P8K3M7;
				GENERATE_INFOPLIST_FILE = YES;
				INFOPLIST_FILE = EssentialApp/Info.plist;
				INFOPLIST_KEY_UIApplicationSupportsIndirectInputEvents = YES;
				INFOPLIST_KEY_UILaunchStoryboardName = LaunchScreen;
				INFOPLIST_KEY_UIMainStoryboardFile = Main;
				INFOPLIST_KEY_UISupportedInterfaceOrientations = UIInterfaceOrientationPortrait;
				INFOPLIST_KEY_UISupportedInterfaceOrientations_iPad = "UIInterfaceOrientationPortrait UIInterfaceOrientationPortraitUpsideDown";
				LD_RUNPATH_SEARCH_PATHS = (
					"$(inherited)",
					"@executable_path/Frameworks",
				);
				MARKETING_VERSION = 1.0;
				PRODUCT_BUNDLE_IDENTIFIER = swiftindepth.es.EssentialApp;
				PRODUCT_NAME = "$(TARGET_NAME)";
				SWIFT_EMIT_LOC_STRINGS = YES;
				SWIFT_VERSION = 5.0;
				TARGETED_DEVICE_FAMILY = "1,2";
			};
			name = Debug;
		};
		EFAC13522A9FF34D00939145 /* Release */ = {
			isa = XCBuildConfiguration;
			buildSettings = {
				ASSETCATALOG_COMPILER_APPICON_NAME = AppIcon;
				ASSETCATALOG_COMPILER_GLOBAL_ACCENT_COLOR_NAME = AccentColor;
				CODE_SIGN_STYLE = Automatic;
				CURRENT_PROJECT_VERSION = 1;
				DEVELOPMENT_TEAM = Z273P8K3M7;
				GENERATE_INFOPLIST_FILE = YES;
				INFOPLIST_FILE = EssentialApp/Info.plist;
				INFOPLIST_KEY_UIApplicationSupportsIndirectInputEvents = YES;
				INFOPLIST_KEY_UILaunchStoryboardName = LaunchScreen;
				INFOPLIST_KEY_UIMainStoryboardFile = Main;
				INFOPLIST_KEY_UISupportedInterfaceOrientations = UIInterfaceOrientationPortrait;
				INFOPLIST_KEY_UISupportedInterfaceOrientations_iPad = "UIInterfaceOrientationPortrait UIInterfaceOrientationPortraitUpsideDown";
				LD_RUNPATH_SEARCH_PATHS = (
					"$(inherited)",
					"@executable_path/Frameworks",
				);
				MARKETING_VERSION = 1.0;
				PRODUCT_BUNDLE_IDENTIFIER = swiftindepth.es.EssentialApp;
				PRODUCT_NAME = "$(TARGET_NAME)";
				SWIFT_EMIT_LOC_STRINGS = YES;
				SWIFT_VERSION = 5.0;
				TARGETED_DEVICE_FAMILY = "1,2";
			};
			name = Release;
		};
		EFAC13542A9FF34D00939145 /* Debug */ = {
			isa = XCBuildConfiguration;
			buildSettings = {
				ALWAYS_EMBED_SWIFT_STANDARD_LIBRARIES = YES;
				BUNDLE_LOADER = "$(TEST_HOST)";
				CLANG_ENABLE_MODULES = YES;
				CODE_SIGN_STYLE = Automatic;
				CURRENT_PROJECT_VERSION = 1;
				DEVELOPMENT_TEAM = Z273P8K3M7;
				GENERATE_INFOPLIST_FILE = YES;
				IPHONEOS_DEPLOYMENT_TARGET = 17.0;
				MARKETING_VERSION = 1.0;
				PRODUCT_BUNDLE_IDENTIFIER = swiftindepth.es.EssentialAppTests;
				PRODUCT_NAME = "$(TARGET_NAME)";
				SWIFT_EMIT_LOC_STRINGS = NO;
				SWIFT_OPTIMIZATION_LEVEL = "-Onone";
				SWIFT_VERSION = 5.0;
				TARGETED_DEVICE_FAMILY = "1,2";
				TEST_HOST = "$(BUILT_PRODUCTS_DIR)/EssentialApp.app/$(BUNDLE_EXECUTABLE_FOLDER_PATH)/EssentialApp";
			};
			name = Debug;
		};
		EFAC13552A9FF34D00939145 /* Release */ = {
			isa = XCBuildConfiguration;
			buildSettings = {
				ALWAYS_EMBED_SWIFT_STANDARD_LIBRARIES = YES;
				BUNDLE_LOADER = "$(TEST_HOST)";
				CLANG_ENABLE_MODULES = YES;
				CODE_SIGN_STYLE = Automatic;
				CURRENT_PROJECT_VERSION = 1;
				DEVELOPMENT_TEAM = Z273P8K3M7;
				GENERATE_INFOPLIST_FILE = YES;
				IPHONEOS_DEPLOYMENT_TARGET = 17.0;
				MARKETING_VERSION = 1.0;
				PRODUCT_BUNDLE_IDENTIFIER = swiftindepth.es.EssentialAppTests;
				PRODUCT_NAME = "$(TARGET_NAME)";
				SWIFT_EMIT_LOC_STRINGS = NO;
				SWIFT_VERSION = 5.0;
				TARGETED_DEVICE_FAMILY = "1,2";
				TEST_HOST = "$(BUILT_PRODUCTS_DIR)/EssentialApp.app/$(BUNDLE_EXECUTABLE_FOLDER_PATH)/EssentialApp";
			};
			name = Release;
		};
/* End XCBuildConfiguration section */

/* Begin XCConfigurationList section */
		EF6291C12AA48B3900EDDB22 /* Build configuration list for PBXNativeTarget "EssentialAppUIAcceptanceTests" */ = {
			isa = XCConfigurationList;
			buildConfigurations = (
				EF6291C22AA48B3900EDDB22 /* Debug */,
				EF6291C32AA48B3900EDDB22 /* Release */,
			);
			defaultConfigurationIsVisible = 0;
			defaultConfigurationName = Release;
		};
		EFAC13212A9FF34A00939145 /* Build configuration list for PBXProject "EssentialApp" */ = {
			isa = XCConfigurationList;
			buildConfigurations = (
				EFAC134E2A9FF34D00939145 /* Debug */,
				EFAC134F2A9FF34D00939145 /* Release */,
			);
			defaultConfigurationIsVisible = 0;
			defaultConfigurationName = Release;
		};
		EFAC13502A9FF34D00939145 /* Build configuration list for PBXNativeTarget "EssentialApp" */ = {
			isa = XCConfigurationList;
			buildConfigurations = (
				EFAC13512A9FF34D00939145 /* Debug */,
				EFAC13522A9FF34D00939145 /* Release */,
			);
			defaultConfigurationIsVisible = 0;
			defaultConfigurationName = Release;
		};
		EFAC13532A9FF34D00939145 /* Build configuration list for PBXNativeTarget "EssentialAppTests" */ = {
			isa = XCConfigurationList;
			buildConfigurations = (
				EFAC13542A9FF34D00939145 /* Debug */,
				EFAC13552A9FF34D00939145 /* Release */,
			);
			defaultConfigurationIsVisible = 0;
			defaultConfigurationName = Release;
		};
/* End XCConfigurationList section */
	};
	rootObject = EFAC131E2A9FF34A00939145 /* Project object */;
}
